// !$*UTF8*$!
{
	archiveVersion = 1;
	classes = {
	};
	objectVersion = 52;
	objects = {

/* Begin PBXBuildFile section */
		840A010124595E27000C53CB /* IssueAPI+IssueProject.swift in Sources */ = {isa = PBXBuildFile; fileRef = 840A010024595E27000C53CB /* IssueAPI+IssueProject.swift */; };
		840A0106245965D3000C53CB /* IssueAssigneeListView.swift in Sources */ = {isa = PBXBuildFile; fileRef = 840A0105245965D3000C53CB /* IssueAssigneeListView.swift */; };
		840A0108245965E6000C53CB /* IssueAssigneeRowForListView.swift in Sources */ = {isa = PBXBuildFile; fileRef = 840A0107245965E6000C53CB /* IssueAssigneeRowForListView.swift */; };
		840A010A245965F8000C53CB /* IssueAssigneeListModel.swift in Sources */ = {isa = PBXBuildFile; fileRef = 840A0109245965F8000C53CB /* IssueAssigneeListModel.swift */; };
		840B052C242DAFFF00E30ED4 /* IssueTypeListModel.swift in Sources */ = {isa = PBXBuildFile; fileRef = 840B052B242DAFFF00E30ED4 /* IssueTypeListModel.swift */; };
		840B052E242DB08000E30ED4 /* IssueTypeListView.swift in Sources */ = {isa = PBXBuildFile; fileRef = 840B052D242DB08000E30ED4 /* IssueTypeListView.swift */; };
		840B0530242DB27200E30ED4 /* issueTypes.json in Resources */ = {isa = PBXBuildFile; fileRef = 840B052F242DB27200E30ED4 /* issueTypes.json */; };
		840B0532242DB2C400E30ED4 /* IssueTypeRowForListView.swift in Sources */ = {isa = PBXBuildFile; fileRef = 840B0531242DB2C400E30ED4 /* IssueTypeRowForListView.swift */; };
		840F269424187C0B0085FBA6 /* AppDelegate.swift in Sources */ = {isa = PBXBuildFile; fileRef = 840F269324187C0B0085FBA6 /* AppDelegate.swift */; };
		840F269624187C0B0085FBA6 /* SceneDelegate.swift in Sources */ = {isa = PBXBuildFile; fileRef = 840F269524187C0B0085FBA6 /* SceneDelegate.swift */; };
		840F269824187C0B0085FBA6 /* ContentView.swift in Sources */ = {isa = PBXBuildFile; fileRef = 840F269724187C0B0085FBA6 /* ContentView.swift */; };
		840F269A24187C0D0085FBA6 /* Assets.xcassets in Resources */ = {isa = PBXBuildFile; fileRef = 840F269924187C0D0085FBA6 /* Assets.xcassets */; };
		840F269D24187C0D0085FBA6 /* Preview Assets.xcassets in Resources */ = {isa = PBXBuildFile; fileRef = 840F269C24187C0D0085FBA6 /* Preview Assets.xcassets */; };
		840F26A024187C0D0085FBA6 /* LaunchScreen.storyboard in Resources */ = {isa = PBXBuildFile; fileRef = 840F269E24187C0D0085FBA6 /* LaunchScreen.storyboard */; };
		840F26A924187C3B0085FBA6 /* LoginView.swift in Sources */ = {isa = PBXBuildFile; fileRef = 840F26A824187C3B0085FBA6 /* LoginView.swift */; };
		840F26AE24188B490085FBA6 /* Extension+Color.swift in Sources */ = {isa = PBXBuildFile; fileRef = 840F26AD24188B490085FBA6 /* Extension+Color.swift */; };
		840F26B52418CBEE0085FBA6 /* ProjectView.swift in Sources */ = {isa = PBXBuildFile; fileRef = 840F26B42418CBED0085FBA6 /* ProjectView.swift */; };
		840F26B72418DA8B0085FBA6 /* APIRequest.swift in Sources */ = {isa = PBXBuildFile; fileRef = 840F26B62418DA8B0085FBA6 /* APIRequest.swift */; };
		840F26B92418DEE40085FBA6 /* Demo in Resources */ = {isa = PBXBuildFile; fileRef = 840F26B82418DEE40085FBA6 /* Demo */; };
		840F26BB24193F0E0085FBA6 /* LoginSucceeded.json in Resources */ = {isa = PBXBuildFile; fileRef = 840F26BA24193F0E0085FBA6 /* LoginSucceeded.json */; };
		840FDB68241A2AB600C395E8 /* LoginError2.json in Resources */ = {isa = PBXBuildFile; fileRef = 840FDB67241A2AB600C395E8 /* LoginError2.json */; };
		840FDB6A241A370000C395E8 /* URLSession+Extension.swift in Sources */ = {isa = PBXBuildFile; fileRef = 840FDB69241A370000C395E8 /* URLSession+Extension.swift */; };
		840FDB6C241A381800C395E8 /* URLSessionUploadTask+Extension.swift in Sources */ = {isa = PBXBuildFile; fileRef = 840FDB6B241A381800C395E8 /* URLSessionUploadTask+Extension.swift */; };
		8417CD0F24226A3D0029B7E6 /* ImageLoader.swift in Sources */ = {isa = PBXBuildFile; fileRef = 8417CD0E24226A3D0029B7E6 /* ImageLoader.swift */; };
		8417CD1124226BA70029B7E6 /* URLImage.swift in Sources */ = {isa = PBXBuildFile; fileRef = 8417CD1024226BA70029B7E6 /* URLImage.swift */; };
		8417CD13242279DD0029B7E6 /* ImageCache.swift in Sources */ = {isa = PBXBuildFile; fileRef = 8417CD12242279DD0029B7E6 /* ImageCache.swift */; };
		8417CD1524227A0B0029B7E6 /* ImageModel.swift in Sources */ = {isa = PBXBuildFile; fileRef = 8417CD1424227A0B0029B7E6 /* ImageModel.swift */; };
		8417CD1724227A480029B7E6 /* RemoteImage.swift in Sources */ = {isa = PBXBuildFile; fileRef = 8417CD1624227A480029B7E6 /* RemoteImage.swift */; };
		84204959241A7A9E001FE724 /* URLSessionMock.swift in Sources */ = {isa = PBXBuildFile; fileRef = 84204958241A7A9E001FE724 /* URLSessionMock.swift */; };
		8420495C241A7AE6001FE724 /* MockURLSessionUploadTask.swift in Sources */ = {isa = PBXBuildFile; fileRef = 8420495B241A7AE6001FE724 /* MockURLSessionUploadTask.swift */; };
		8420AFE324542E28007E6B6B /* IssueTitleDescriptionView.swift in Sources */ = {isa = PBXBuildFile; fileRef = 8420AFE224542E28007E6B6B /* IssueTitleDescriptionView.swift */; };
		8421319724237466008716FE /* NetworkModel.swift in Sources */ = {isa = PBXBuildFile; fileRef = 8421319624237466008716FE /* NetworkModel.swift */; };
		8423D067246BDFEA00524716 /* URLProtocolMock.swift in Sources */ = {isa = PBXBuildFile; fileRef = 8423D066246BDFEA00524716 /* URLProtocolMock.swift */; };
		8423D069246BE75500524716 /* API.swift in Sources */ = {isa = PBXBuildFile; fileRef = 8423D068246BE75500524716 /* API.swift */; };
		8423D06B246BE7E300524716 /* APIDataTaskPublisher.swift in Sources */ = {isa = PBXBuildFile; fileRef = 8423D06A246BE7E300524716 /* APIDataTaskPublisher.swift */; };
		8423D06D246BE84300524716 /* APISessionDataPublisher.swift in Sources */ = {isa = PBXBuildFile; fileRef = 8423D06C246BE84300524716 /* APISessionDataPublisher.swift */; };
		8423D06F246BE9F100524716 /* API+Login.swift in Sources */ = {isa = PBXBuildFile; fileRef = 8423D06E246BE9F100524716 /* API+Login.swift */; };
		8425B9ED2424C5E800AB9E98 /* UIApplication+Extension.swift in Sources */ = {isa = PBXBuildFile; fileRef = 8425B9EC2424C5E800AB9E98 /* UIApplication+Extension.swift */; };
		8425B9EF2424C5F500AB9E98 /* View+Extension.swift in Sources */ = {isa = PBXBuildFile; fileRef = 8425B9EE2424C5F500AB9E98 /* View+Extension.swift */; };
		8430DC9E24318A6300CCD541 /* RefreashableScrollView.swift in Sources */ = {isa = PBXBuildFile; fileRef = 8430DC9D24318A6300CCD541 /* RefreashableScrollView.swift */; };
		84316FA9242B105D002C0350 /* IssuePriorityRowView.swift in Sources */ = {isa = PBXBuildFile; fileRef = 84316FA8242B105D002C0350 /* IssuePriorityRowView.swift */; };
		84316FAB242B1174002C0350 /* IssueAttachmentRowView.swift in Sources */ = {isa = PBXBuildFile; fileRef = 84316FAA242B1174002C0350 /* IssueAttachmentRowView.swift */; };
		8438B47C24236F4600E39464 /* URLSetting.swift in Sources */ = {isa = PBXBuildFile; fileRef = 8438B47B24236F4600E39464 /* URLSetting.swift */; };
		8438B47E2423702B00E39464 /* NetworkRequest.swift in Sources */ = {isa = PBXBuildFile; fileRef = 8438B47D2423702B00E39464 /* NetworkRequest.swift */; };
		844DF1082429B4B7001E29EB /* BaseListModel.swift in Sources */ = {isa = PBXBuildFile; fileRef = 844DF1072429B4B7001E29EB /* BaseListModel.swift */; };
		844DF10C2429BF28001E29EB /* RespondData.swift in Sources */ = {isa = PBXBuildFile; fileRef = 844DF10B2429BF28001E29EB /* RespondData.swift */; };
		8451D7EE242A642F000C1F56 /* IssueType.swift in Sources */ = {isa = PBXBuildFile; fileRef = 8451D7ED242A642F000C1F56 /* IssueType.swift */; };
		84531C2424761C0A005CC6AA /* APITest.swift in Sources */ = {isa = PBXBuildFile; fileRef = 84531C2324761C0A005CC6AA /* APITest.swift */; };
		84531C26247627CE005CC6AA /* JSONDecoder_DateDecodingStrategy+Extension.swift in Sources */ = {isa = PBXBuildFile; fileRef = 84531C25247627CE005CC6AA /* JSONDecoder_DateDecodingStrategy+Extension.swift */; };
		84531C2824762FA0005CC6AA /* JSONDecoder_KeyDecodingStrategy+Extension.swift in Sources */ = {isa = PBXBuildFile; fileRef = 84531C2724762FA0005CC6AA /* JSONDecoder_KeyDecodingStrategy+Extension.swift */; };
		84596D482477810D00D3A2AD /* TokenManagerTest.swift in Sources */ = {isa = PBXBuildFile; fileRef = 84596D472477810D00D3A2AD /* TokenManagerTest.swift */; };
		845D003D244E053000216A86 /* RefreshView.swift in Sources */ = {isa = PBXBuildFile; fileRef = 845D003C244E053000216A86 /* RefreshView.swift */; };
		846ECCA52419BF7600C8DFA3 /* LoginError1.json in Resources */ = {isa = PBXBuildFile; fileRef = 846ECCA42419BF7600C8DFA3 /* LoginError1.json */; };
		846ECCA82419EDF400C8DFA3 /* User.swift in Sources */ = {isa = PBXBuildFile; fileRef = 846ECCA72419EDF400C8DFA3 /* User.swift */; };
		846ECCAA2419F05000C8DFA3 /* APILoginRequest.swift in Sources */ = {isa = PBXBuildFile; fileRef = 846ECCA92419F05000C8DFA3 /* APILoginRequest.swift */; };
		84704080244FE6C20041DFD7 /* RefreshableList.swift in Sources */ = {isa = PBXBuildFile; fileRef = 8470407F244FE6C20041DFD7 /* RefreshableList.swift */; };
		84741C1E2420B021004F3663 /* LoginModel.swift in Sources */ = {isa = PBXBuildFile; fileRef = 84741C1D2420B021004F3663 /* LoginModel.swift */; };
		84741C202420B1A1004F3663 /* Entry.swift in Sources */ = {isa = PBXBuildFile; fileRef = 84741C1F2420B1A1004F3663 /* Entry.swift */; };
		84741C222420B1B9004F3663 /* MetaData.swift in Sources */ = {isa = PBXBuildFile; fileRef = 84741C212420B1B9004F3663 /* MetaData.swift */; };
		8475B7A9245151AC0087CD69 /* IssueAPI.swift in Sources */ = {isa = PBXBuildFile; fileRef = 8475B7A8245151AC0087CD69 /* IssueAPI.swift */; };
		8475B7AB24517BEF0087CD69 /* IssueAPI+IssueType.swift in Sources */ = {isa = PBXBuildFile; fileRef = 8475B7AA24517BEF0087CD69 /* IssueAPI+IssueType.swift */; };
		8480DFFD242BAE13002F8183 /* PriorityListView.swift in Sources */ = {isa = PBXBuildFile; fileRef = 8480DFFC242BAE13002F8183 /* PriorityListView.swift */; };
		8480DFFF242BAE26002F8183 /* PriorityListModel.swift in Sources */ = {isa = PBXBuildFile; fileRef = 8480DFFE242BAE26002F8183 /* PriorityListModel.swift */; };
		8480E001242BB00F002F8183 /* PriorityRowView.swift in Sources */ = {isa = PBXBuildFile; fileRef = 8480E000242BB00F002F8183 /* PriorityRowView.swift */; };
		8480E003242BB419002F8183 /* priorities.json in Resources */ = {isa = PBXBuildFile; fileRef = 8480E002242BB419002F8183 /* priorities.json */; };
		8485A7B02452D2580018E5E2 /* NotificationCenter+Extension.swift in Sources */ = {isa = PBXBuildFile; fileRef = 8485A7AF2452D2580018E5E2 /* NotificationCenter+Extension.swift */; };
		848D53A5241B17F900BAB5E6 /* InfiniteProgressView.swift in Sources */ = {isa = PBXBuildFile; fileRef = 848D53A4241B17F800BAB5E6 /* InfiniteProgressView.swift */; };
		848D53A9241B283E00BAB5E6 /* IssueListView.swift in Sources */ = {isa = PBXBuildFile; fileRef = 848D53A8241B283E00BAB5E6 /* IssueListView.swift */; };
		848D53AB241B285100BAB5E6 /* SettingView.swift in Sources */ = {isa = PBXBuildFile; fileRef = 848D53AA241B285100BAB5E6 /* SettingView.swift */; };
		8492CCCD242995CB001D76DE /* IssueRowView.swift in Sources */ = {isa = PBXBuildFile; fileRef = 8492CCCC242995CB001D76DE /* IssueRowView.swift */; };
		8492CCCF24299DC1001D76DE /* SearchView.swift in Sources */ = {isa = PBXBuildFile; fileRef = 8492CCCE24299DC1001D76DE /* SearchView.swift */; };
		8492CCD224299E54001D76DE /* IssueListModel.swift in Sources */ = {isa = PBXBuildFile; fileRef = 8492CCD124299E54001D76DE /* IssueListModel.swift */; };
		8492CCD62429A669001D76DE /* LastRowView.swift in Sources */ = {isa = PBXBuildFile; fileRef = 8492CCD52429A669001D76DE /* LastRowView.swift */; };
		8492CCD82429A75F001D76DE /* CircleProgressView.swift in Sources */ = {isa = PBXBuildFile; fileRef = 8492CCD72429A75F001D76DE /* CircleProgressView.swift */; };
		849AF7D72428FD1600D00542 /* issues.json in Resources */ = {isa = PBXBuildFile; fileRef = 849AF7D62428FD1600D00542 /* issues.json */; };
		849AF7D92428FD2F00D00542 /* Issue.swift in Sources */ = {isa = PBXBuildFile; fileRef = 849AF7D82428FD2F00D00542 /* Issue.swift */; };
		849DBC86241B32180026E23B /* ViewRouter.swift in Sources */ = {isa = PBXBuildFile; fileRef = 849DBC85241B32180026E23B /* ViewRouter.swift */; };
		849DBC88241B3AD00026E23B /* MainView.swift in Sources */ = {isa = PBXBuildFile; fileRef = 849DBC87241B3AD00026E23B /* MainView.swift */; };
		849DBC8A241B3EE30026E23B /* AppSession.swift in Sources */ = {isa = PBXBuildFile; fileRef = 849DBC89241B3EE30026E23B /* AppSession.swift */; };
		849DBC8C241B3FB90026E23B /* AppState.swift in Sources */ = {isa = PBXBuildFile; fileRef = 849DBC8B241B3FB90026E23B /* AppState.swift */; };
		849DBC8F241B683E0026E23B /* projects.json in Resources */ = {isa = PBXBuildFile; fileRef = 849DBC8E241B683E0026E23B /* projects.json */; };
		849DBC91241B68CA0026E23B /* Project.swift in Sources */ = {isa = PBXBuildFile; fileRef = 849DBC90241B68CA0026E23B /* Project.swift */; };
		849DBC93241B6A280026E23B /* Data.swift in Sources */ = {isa = PBXBuildFile; fileRef = 849DBC92241B6A280026E23B /* Data.swift */; };
		849DBC95241B6A820026E23B /* ProjectListView.swift in Sources */ = {isa = PBXBuildFile; fileRef = 849DBC94241B6A820026E23B /* ProjectListView.swift */; };
		849DBC97241B6AA30026E23B /* ProjectRowView.swift in Sources */ = {isa = PBXBuildFile; fileRef = 849DBC96241B6AA30026E23B /* ProjectRowView.swift */; };
		849DBC9F241B8DEF0026E23B /* ProjectListModel.swift in Sources */ = {isa = PBXBuildFile; fileRef = 849DBC9E241B8DEF0026E23B /* ProjectListModel.swift */; };
		84A22DEE244A91ED00A7E4A1 /* Authentication.swift in Sources */ = {isa = PBXBuildFile; fileRef = 84A22DED244A91ED00A7E4A1 /* Authentication.swift */; };
		84ABC0E824286D9F0083EF34 /* NotFoundView.swift in Sources */ = {isa = PBXBuildFile; fileRef = 84ABC0E724286D9F0083EF34 /* NotFoundView.swift */; };
		84ABCA482456ECE300BA6A45 /* ErrorView.swift in Sources */ = {isa = PBXBuildFile; fileRef = 84ABCA472456ECE300BA6A45 /* ErrorView.swift */; };
		84ABCA4A2456ECEE00BA6A45 /* ErrorBannerView.swift in Sources */ = {isa = PBXBuildFile; fileRef = 84ABCA492456ECEE00BA6A45 /* ErrorBannerView.swift */; };
		84BBD2D1242C46F500E9A8EF /* IssueDetailModel.swift in Sources */ = {isa = PBXBuildFile; fileRef = 84BBD2D0242C46F500E9A8EF /* IssueDetailModel.swift */; };
		84C3234C242B6387007CB0CD /* IssueReporterView.swift in Sources */ = {isa = PBXBuildFile; fileRef = 84C3234B242B6387007CB0CD /* IssueReporterView.swift */; };
		84C3234E242B6572007CB0CD /* IssueReporter.swift in Sources */ = {isa = PBXBuildFile; fileRef = 84C3234D242B6572007CB0CD /* IssueReporter.swift */; };
		84C55FE9242AEB5D0050DA53 /* IssuePriority.swift in Sources */ = {isa = PBXBuildFile; fileRef = 84C55FE8242AEB5D0050DA53 /* IssuePriority.swift */; };
		84C55FEB242AF1910050DA53 /* IssueStatus.swift in Sources */ = {isa = PBXBuildFile; fileRef = 84C55FEA242AF1910050DA53 /* IssueStatus.swift */; };
		84C55FED242AF8730050DA53 /* Extension+UIColor.swift in Sources */ = {isa = PBXBuildFile; fileRef = 84C55FEC242AF8730050DA53 /* Extension+UIColor.swift */; };
		84C55FEF242AFC7D0050DA53 /* IssueDetailView.swift in Sources */ = {isa = PBXBuildFile; fileRef = 84C55FEE242AFC7D0050DA53 /* IssueDetailView.swift */; };
		84C55FF1242B09BA0050DA53 /* IssueTypeRowView.swift in Sources */ = {isa = PBXBuildFile; fileRef = 84C55FF0242B09BA0050DA53 /* IssueTypeRowView.swift */; };
		84C55FF3242B0EA00050DA53 /* IssueProjectRowView.swift in Sources */ = {isa = PBXBuildFile; fileRef = 84C55FF2242B0EA00050DA53 /* IssueProjectRowView.swift */; };
		84C8FD71243DCDB10074FBB5 /* KeyboardAwareModifier.swift in Sources */ = {isa = PBXBuildFile; fileRef = 84C8FD70243DCDB10074FBB5 /* KeyboardAwareModifier.swift */; };
		84CA9D402458067C004C50F9 /* issueStatuses.json in Resources */ = {isa = PBXBuildFile; fileRef = 84CA9D3F2458067C004C50F9 /* issueStatuses.json */; };
		84CA9D4224580E49004C50F9 /* IssueAPI+IssueStatus.swift in Sources */ = {isa = PBXBuildFile; fileRef = 84CA9D4124580E49004C50F9 /* IssueAPI+IssueStatus.swift */; };
		84CA9D4424586B27004C50F9 /* IssueAPI+IssuePriority.swift in Sources */ = {isa = PBXBuildFile; fileRef = 84CA9D4324586B27004C50F9 /* IssueAPI+IssuePriority.swift */; };
		84D13AFB2474E11B005515E3 /* APIAuthentication.swift in Sources */ = {isa = PBXBuildFile; fileRef = 84D13AFA2474E11B005515E3 /* APIAuthentication.swift */; };
		84D13AFD2474E90D005515E3 /* Mock.swift in Sources */ = {isa = PBXBuildFile; fileRef = 84D13AFC2474E90D005515E3 /* Mock.swift */; };
		84D13AFF2474E94A005515E3 /* Fixture.swift in Sources */ = {isa = PBXBuildFile; fileRef = 84D13AFE2474E94A005515E3 /* Fixture.swift */; };
		84D225CF2456742000A10695 /* Optional+Extension.swift in Sources */ = {isa = PBXBuildFile; fileRef = 84D225CE2456742000A10695 /* Optional+Extension.swift */; };
		84D225F124568C9A00A10695 /* TextView.swift in Sources */ = {isa = PBXBuildFile; fileRef = 84D225F024568C9A00A10695 /* TextView.swift */; };
		84D225F324568D0000A10695 /* PlaceholderTextView.swift in Sources */ = {isa = PBXBuildFile; fileRef = 84D225F224568D0000A10695 /* PlaceholderTextView.swift */; };
		84D2846A244A976900623F05 /* TokenManager.swift in Sources */ = {isa = PBXBuildFile; fileRef = 84D28469244A976900623F05 /* TokenManager.swift */; };
		84D2846C244ABA6400623F05 /* UserDefaultKey.swift in Sources */ = {isa = PBXBuildFile; fileRef = 84D2846B244ABA6400623F05 /* UserDefaultKey.swift */; };
		84D2846E244ABADF00623F05 /* TestAuthentication.swift in Sources */ = {isa = PBXBuildFile; fileRef = 84D2846D244ABADF00623F05 /* TestAuthentication.swift */; };
		84D665F7245981B2000FB4A2 /* users.json in Resources */ = {isa = PBXBuildFile; fileRef = 84D665F6245981B2000FB4A2 /* users.json */; };
		84D7EFE52441A12400433EC7 /* CustomScrollView.swift in Sources */ = {isa = PBXBuildFile; fileRef = 84D7EFE42441A12400433EC7 /* CustomScrollView.swift */; };
		84E2EDF32450379F00D5B5C8 /* RefreshableList in Frameworks */ = {isa = PBXBuildFile; productRef = 84E2EDF22450379F00D5B5C8 /* RefreshableList */; };
		84E2EDF524503C0A00D5B5C8 /* IssueDetailModel+IssueType.swift in Sources */ = {isa = PBXBuildFile; fileRef = 84E2EDF424503C0A00D5B5C8 /* IssueDetailModel+IssueType.swift */; };
		84EBD3752457C43600C29434 /* TitleDescriptionModel.swift in Sources */ = {isa = PBXBuildFile; fileRef = 84EBD3742457C43600C29434 /* TitleDescriptionModel.swift */; };
		84EBD3772457C85000C29434 /* IssueAPI+TitleDescription.swift in Sources */ = {isa = PBXBuildFile; fileRef = 84EBD3762457C85000C29434 /* IssueAPI+TitleDescription.swift */; };
		84EBD37A2457DEA500C29434 /* PartialSheet in Frameworks */ = {isa = PBXBuildFile; productRef = 84EBD3792457DEA500C29434 /* PartialSheet */; };
		84EBD37C2457E3BC00C29434 /* SlideOverCard.swift in Sources */ = {isa = PBXBuildFile; fileRef = 84EBD37B2457E3BC00C29434 /* SlideOverCard.swift */; };
		84EBD3812457E8FF00C29434 /* IssueStatusListView.swift in Sources */ = {isa = PBXBuildFile; fileRef = 84EBD3802457E8FF00C29434 /* IssueStatusListView.swift */; };
		84EBD3832457E90C00C29434 /* IssueStatusListModel.swift in Sources */ = {isa = PBXBuildFile; fileRef = 84EBD3822457E90C00C29434 /* IssueStatusListModel.swift */; };
		84EBD3852457E94000C29434 /* IssueStatusRowForListView.swift in Sources */ = {isa = PBXBuildFile; fileRef = 84EBD3842457E94000C29434 /* IssueStatusRowForListView.swift */; };
		84F6D72C2432F83B00CF28FF /* RefreshableNavigationView.swift in Sources */ = {isa = PBXBuildFile; fileRef = 84F6D72B2432F83B00CF28FF /* RefreshableNavigationView.swift */; };
		84F932F324499B05007F12B8 /* RequestData.swift in Sources */ = {isa = PBXBuildFile; fileRef = 84F932F224499B05007F12B8 /* RequestData.swift */; };
		84F932F52449A279007F12B8 /* APIError.swift in Sources */ = {isa = PBXBuildFile; fileRef = 84F932F42449A279007F12B8 /* APIError.swift */; };
		84FCDD65247B6AFA00CFDEFC /* PublisherHelper.swift in Sources */ = {isa = PBXBuildFile; fileRef = 84FCDD64247B6AFA00CFDEFC /* PublisherHelper.swift */; };
/* End PBXBuildFile section */

/* Begin PBXContainerItemProxy section */
		840FDB5C241A27E000C395E8 /* PBXContainerItemProxy */ = {
			isa = PBXContainerItemProxy;
			containerPortal = 840F268824187C0B0085FBA6 /* Project object */;
			proxyType = 1;
			remoteGlobalIDString = 840F268F24187C0B0085FBA6;
			remoteInfo = "Agile Board Team";
		};
/* End PBXContainerItemProxy section */

/* Begin PBXFileReference section */
		840A010024595E27000C53CB /* IssueAPI+IssueProject.swift */ = {isa = PBXFileReference; lastKnownFileType = sourcecode.swift; path = "IssueAPI+IssueProject.swift"; sourceTree = "<group>"; };
		840A0105245965D3000C53CB /* IssueAssigneeListView.swift */ = {isa = PBXFileReference; lastKnownFileType = sourcecode.swift; path = IssueAssigneeListView.swift; sourceTree = "<group>"; };
		840A0107245965E6000C53CB /* IssueAssigneeRowForListView.swift */ = {isa = PBXFileReference; lastKnownFileType = sourcecode.swift; path = IssueAssigneeRowForListView.swift; sourceTree = "<group>"; };
		840A0109245965F8000C53CB /* IssueAssigneeListModel.swift */ = {isa = PBXFileReference; lastKnownFileType = sourcecode.swift; path = IssueAssigneeListModel.swift; sourceTree = "<group>"; };
		840B052B242DAFFF00E30ED4 /* IssueTypeListModel.swift */ = {isa = PBXFileReference; lastKnownFileType = sourcecode.swift; path = IssueTypeListModel.swift; sourceTree = "<group>"; };
		840B052D242DB08000E30ED4 /* IssueTypeListView.swift */ = {isa = PBXFileReference; lastKnownFileType = sourcecode.swift; path = IssueTypeListView.swift; sourceTree = "<group>"; };
		840B052F242DB27200E30ED4 /* issueTypes.json */ = {isa = PBXFileReference; lastKnownFileType = text.json; path = issueTypes.json; sourceTree = "<group>"; };
		840B0531242DB2C400E30ED4 /* IssueTypeRowForListView.swift */ = {isa = PBXFileReference; lastKnownFileType = sourcecode.swift; path = IssueTypeRowForListView.swift; sourceTree = "<group>"; };
		840F269024187C0B0085FBA6 /* Agile Board Team.app */ = {isa = PBXFileReference; explicitFileType = wrapper.application; includeInIndex = 0; path = "Agile Board Team.app"; sourceTree = BUILT_PRODUCTS_DIR; };
		840F269324187C0B0085FBA6 /* AppDelegate.swift */ = {isa = PBXFileReference; lastKnownFileType = sourcecode.swift; path = AppDelegate.swift; sourceTree = "<group>"; };
		840F269524187C0B0085FBA6 /* SceneDelegate.swift */ = {isa = PBXFileReference; lastKnownFileType = sourcecode.swift; path = SceneDelegate.swift; sourceTree = "<group>"; };
		840F269724187C0B0085FBA6 /* ContentView.swift */ = {isa = PBXFileReference; lastKnownFileType = sourcecode.swift; path = ContentView.swift; sourceTree = "<group>"; };
		840F269924187C0D0085FBA6 /* Assets.xcassets */ = {isa = PBXFileReference; lastKnownFileType = folder.assetcatalog; path = Assets.xcassets; sourceTree = "<group>"; };
		840F269C24187C0D0085FBA6 /* Preview Assets.xcassets */ = {isa = PBXFileReference; lastKnownFileType = folder.assetcatalog; path = "Preview Assets.xcassets"; sourceTree = "<group>"; };
		840F269F24187C0D0085FBA6 /* Base */ = {isa = PBXFileReference; lastKnownFileType = file.storyboard; name = Base; path = Base.lproj/LaunchScreen.storyboard; sourceTree = "<group>"; };
		840F26A124187C0D0085FBA6 /* Info.plist */ = {isa = PBXFileReference; lastKnownFileType = text.plist.xml; path = Info.plist; sourceTree = "<group>"; };
		840F26A824187C3B0085FBA6 /* LoginView.swift */ = {isa = PBXFileReference; lastKnownFileType = sourcecode.swift; path = LoginView.swift; sourceTree = "<group>"; };
		840F26AD24188B490085FBA6 /* Extension+Color.swift */ = {isa = PBXFileReference; lastKnownFileType = sourcecode.swift; path = "Extension+Color.swift"; sourceTree = "<group>"; };
		840F26AF241893470085FBA6 /* Agile Board Team.entitlements */ = {isa = PBXFileReference; lastKnownFileType = text.plist.entitlements; path = "Agile Board Team.entitlements"; sourceTree = "<group>"; };
		840F26B42418CBED0085FBA6 /* ProjectView.swift */ = {isa = PBXFileReference; lastKnownFileType = sourcecode.swift; path = ProjectView.swift; sourceTree = "<group>"; };
		840F26B62418DA8B0085FBA6 /* APIRequest.swift */ = {isa = PBXFileReference; lastKnownFileType = sourcecode.swift; path = APIRequest.swift; sourceTree = "<group>"; };
		840F26B82418DEE40085FBA6 /* Demo */ = {isa = PBXFileReference; lastKnownFileType = text; path = Demo; sourceTree = "<group>"; };
		840F26BA24193F0E0085FBA6 /* LoginSucceeded.json */ = {isa = PBXFileReference; lastKnownFileType = text.json; path = LoginSucceeded.json; sourceTree = "<group>"; };
		840FDB57241A27E000C395E8 /* Agile Board TeamTests.xctest */ = {isa = PBXFileReference; explicitFileType = wrapper.cfbundle; includeInIndex = 0; path = "Agile Board TeamTests.xctest"; sourceTree = BUILT_PRODUCTS_DIR; };
		840FDB5B241A27E000C395E8 /* Info.plist */ = {isa = PBXFileReference; lastKnownFileType = text.plist.xml; path = Info.plist; sourceTree = "<group>"; };
		840FDB61241A284800C395E8 /* Agile Board TeamTests-Bridging-Header.h */ = {isa = PBXFileReference; lastKnownFileType = sourcecode.c.h; path = "Agile Board TeamTests-Bridging-Header.h"; sourceTree = "<group>"; };
		840FDB67241A2AB600C395E8 /* LoginError2.json */ = {isa = PBXFileReference; lastKnownFileType = text.json; path = LoginError2.json; sourceTree = "<group>"; };
		840FDB69241A370000C395E8 /* URLSession+Extension.swift */ = {isa = PBXFileReference; lastKnownFileType = sourcecode.swift; path = "URLSession+Extension.swift"; sourceTree = "<group>"; };
		840FDB6B241A381800C395E8 /* URLSessionUploadTask+Extension.swift */ = {isa = PBXFileReference; lastKnownFileType = sourcecode.swift; path = "URLSessionUploadTask+Extension.swift"; sourceTree = "<group>"; };
		8417CD0E24226A3D0029B7E6 /* ImageLoader.swift */ = {isa = PBXFileReference; lastKnownFileType = sourcecode.swift; path = ImageLoader.swift; sourceTree = "<group>"; };
		8417CD1024226BA70029B7E6 /* URLImage.swift */ = {isa = PBXFileReference; lastKnownFileType = sourcecode.swift; path = URLImage.swift; sourceTree = "<group>"; };
		8417CD12242279DD0029B7E6 /* ImageCache.swift */ = {isa = PBXFileReference; lastKnownFileType = sourcecode.swift; path = ImageCache.swift; sourceTree = "<group>"; };
		8417CD1424227A0B0029B7E6 /* ImageModel.swift */ = {isa = PBXFileReference; lastKnownFileType = sourcecode.swift; path = ImageModel.swift; sourceTree = "<group>"; };
		8417CD1624227A480029B7E6 /* RemoteImage.swift */ = {isa = PBXFileReference; lastKnownFileType = sourcecode.swift; path = RemoteImage.swift; sourceTree = "<group>"; };
		84204958241A7A9E001FE724 /* URLSessionMock.swift */ = {isa = PBXFileReference; fileEncoding = 4; lastKnownFileType = sourcecode.swift; path = URLSessionMock.swift; sourceTree = "<group>"; };
		8420495B241A7AE6001FE724 /* MockURLSessionUploadTask.swift */ = {isa = PBXFileReference; lastKnownFileType = sourcecode.swift; path = MockURLSessionUploadTask.swift; sourceTree = "<group>"; };
		8420AFE224542E28007E6B6B /* IssueTitleDescriptionView.swift */ = {isa = PBXFileReference; lastKnownFileType = sourcecode.swift; path = IssueTitleDescriptionView.swift; sourceTree = "<group>"; };
		8421319624237466008716FE /* NetworkModel.swift */ = {isa = PBXFileReference; lastKnownFileType = sourcecode.swift; path = NetworkModel.swift; sourceTree = "<group>"; };
		8423D066246BDFEA00524716 /* URLProtocolMock.swift */ = {isa = PBXFileReference; lastKnownFileType = sourcecode.swift; path = URLProtocolMock.swift; sourceTree = "<group>"; };
		8423D068246BE75500524716 /* API.swift */ = {isa = PBXFileReference; lastKnownFileType = sourcecode.swift; path = API.swift; sourceTree = "<group>"; };
		8423D06A246BE7E300524716 /* APIDataTaskPublisher.swift */ = {isa = PBXFileReference; lastKnownFileType = sourcecode.swift; path = APIDataTaskPublisher.swift; sourceTree = "<group>"; };
		8423D06C246BE84300524716 /* APISessionDataPublisher.swift */ = {isa = PBXFileReference; lastKnownFileType = sourcecode.swift; path = APISessionDataPublisher.swift; sourceTree = "<group>"; };
		8423D06E246BE9F100524716 /* API+Login.swift */ = {isa = PBXFileReference; lastKnownFileType = sourcecode.swift; path = "API+Login.swift"; sourceTree = "<group>"; };
		8425B9EC2424C5E800AB9E98 /* UIApplication+Extension.swift */ = {isa = PBXFileReference; lastKnownFileType = sourcecode.swift; path = "UIApplication+Extension.swift"; sourceTree = "<group>"; };
		8425B9EE2424C5F500AB9E98 /* View+Extension.swift */ = {isa = PBXFileReference; lastKnownFileType = sourcecode.swift; path = "View+Extension.swift"; sourceTree = "<group>"; };
		8430DC9D24318A6300CCD541 /* RefreashableScrollView.swift */ = {isa = PBXFileReference; lastKnownFileType = sourcecode.swift; path = RefreashableScrollView.swift; sourceTree = "<group>"; };
		84316FA8242B105D002C0350 /* IssuePriorityRowView.swift */ = {isa = PBXFileReference; lastKnownFileType = sourcecode.swift; path = IssuePriorityRowView.swift; sourceTree = "<group>"; };
		84316FAA242B1174002C0350 /* IssueAttachmentRowView.swift */ = {isa = PBXFileReference; lastKnownFileType = sourcecode.swift; path = IssueAttachmentRowView.swift; sourceTree = "<group>"; };
		8438B47B24236F4600E39464 /* URLSetting.swift */ = {isa = PBXFileReference; lastKnownFileType = sourcecode.swift; path = URLSetting.swift; sourceTree = "<group>"; };
		8438B47D2423702B00E39464 /* NetworkRequest.swift */ = {isa = PBXFileReference; lastKnownFileType = sourcecode.swift; path = NetworkRequest.swift; sourceTree = "<group>"; };
		844DF1072429B4B7001E29EB /* BaseListModel.swift */ = {isa = PBXFileReference; lastKnownFileType = sourcecode.swift; path = BaseListModel.swift; sourceTree = "<group>"; };
		844DF10B2429BF28001E29EB /* RespondData.swift */ = {isa = PBXFileReference; lastKnownFileType = sourcecode.swift; path = RespondData.swift; sourceTree = "<group>"; };
		8451D7ED242A642F000C1F56 /* IssueType.swift */ = {isa = PBXFileReference; lastKnownFileType = sourcecode.swift; path = IssueType.swift; sourceTree = "<group>"; };
		84531C2324761C0A005CC6AA /* APITest.swift */ = {isa = PBXFileReference; lastKnownFileType = sourcecode.swift; path = APITest.swift; sourceTree = "<group>"; };
		84531C25247627CE005CC6AA /* JSONDecoder_DateDecodingStrategy+Extension.swift */ = {isa = PBXFileReference; lastKnownFileType = sourcecode.swift; path = "JSONDecoder_DateDecodingStrategy+Extension.swift"; sourceTree = "<group>"; };
		84531C2724762FA0005CC6AA /* JSONDecoder_KeyDecodingStrategy+Extension.swift */ = {isa = PBXFileReference; lastKnownFileType = sourcecode.swift; path = "JSONDecoder_KeyDecodingStrategy+Extension.swift"; sourceTree = "<group>"; };
		84596D472477810D00D3A2AD /* TokenManagerTest.swift */ = {isa = PBXFileReference; lastKnownFileType = sourcecode.swift; path = TokenManagerTest.swift; sourceTree = "<group>"; };
		845D003C244E053000216A86 /* RefreshView.swift */ = {isa = PBXFileReference; lastKnownFileType = sourcecode.swift; path = RefreshView.swift; sourceTree = "<group>"; };
		846ECCA42419BF7600C8DFA3 /* LoginError1.json */ = {isa = PBXFileReference; lastKnownFileType = text.json; path = LoginError1.json; sourceTree = "<group>"; };
		846ECCA72419EDF400C8DFA3 /* User.swift */ = {isa = PBXFileReference; lastKnownFileType = sourcecode.swift; path = User.swift; sourceTree = "<group>"; };
		846ECCA92419F05000C8DFA3 /* APILoginRequest.swift */ = {isa = PBXFileReference; lastKnownFileType = sourcecode.swift; path = APILoginRequest.swift; sourceTree = "<group>"; };
		8470407F244FE6C20041DFD7 /* RefreshableList.swift */ = {isa = PBXFileReference; lastKnownFileType = sourcecode.swift; path = RefreshableList.swift; sourceTree = "<group>"; };
		84741C1D2420B021004F3663 /* LoginModel.swift */ = {isa = PBXFileReference; lastKnownFileType = sourcecode.swift; path = LoginModel.swift; sourceTree = "<group>"; };
		84741C1F2420B1A1004F3663 /* Entry.swift */ = {isa = PBXFileReference; lastKnownFileType = sourcecode.swift; path = Entry.swift; sourceTree = "<group>"; };
		84741C212420B1B9004F3663 /* MetaData.swift */ = {isa = PBXFileReference; lastKnownFileType = sourcecode.swift; path = MetaData.swift; sourceTree = "<group>"; };
		8475B7A8245151AC0087CD69 /* IssueAPI.swift */ = {isa = PBXFileReference; lastKnownFileType = sourcecode.swift; path = IssueAPI.swift; sourceTree = "<group>"; };
		8475B7AA24517BEF0087CD69 /* IssueAPI+IssueType.swift */ = {isa = PBXFileReference; lastKnownFileType = sourcecode.swift; path = "IssueAPI+IssueType.swift"; sourceTree = "<group>"; };
		8480DFFC242BAE13002F8183 /* PriorityListView.swift */ = {isa = PBXFileReference; lastKnownFileType = sourcecode.swift; path = PriorityListView.swift; sourceTree = "<group>"; };
		8480DFFE242BAE26002F8183 /* PriorityListModel.swift */ = {isa = PBXFileReference; lastKnownFileType = sourcecode.swift; path = PriorityListModel.swift; sourceTree = "<group>"; };
		8480E000242BB00F002F8183 /* PriorityRowView.swift */ = {isa = PBXFileReference; lastKnownFileType = sourcecode.swift; path = PriorityRowView.swift; sourceTree = "<group>"; };
		8480E002242BB419002F8183 /* priorities.json */ = {isa = PBXFileReference; lastKnownFileType = text.json; path = priorities.json; sourceTree = "<group>"; };
		8485A7AF2452D2580018E5E2 /* NotificationCenter+Extension.swift */ = {isa = PBXFileReference; lastKnownFileType = sourcecode.swift; path = "NotificationCenter+Extension.swift"; sourceTree = "<group>"; };
		848D53A4241B17F800BAB5E6 /* InfiniteProgressView.swift */ = {isa = PBXFileReference; lastKnownFileType = sourcecode.swift; path = InfiniteProgressView.swift; sourceTree = "<group>"; };
		848D53A8241B283E00BAB5E6 /* IssueListView.swift */ = {isa = PBXFileReference; lastKnownFileType = sourcecode.swift; path = IssueListView.swift; sourceTree = "<group>"; };
		848D53AA241B285100BAB5E6 /* SettingView.swift */ = {isa = PBXFileReference; lastKnownFileType = sourcecode.swift; path = SettingView.swift; sourceTree = "<group>"; };
		8492CCCC242995CB001D76DE /* IssueRowView.swift */ = {isa = PBXFileReference; lastKnownFileType = sourcecode.swift; path = IssueRowView.swift; sourceTree = "<group>"; };
		8492CCCE24299DC1001D76DE /* SearchView.swift */ = {isa = PBXFileReference; lastKnownFileType = sourcecode.swift; path = SearchView.swift; sourceTree = "<group>"; };
		8492CCD124299E54001D76DE /* IssueListModel.swift */ = {isa = PBXFileReference; lastKnownFileType = sourcecode.swift; path = IssueListModel.swift; sourceTree = "<group>"; };
		8492CCD52429A669001D76DE /* LastRowView.swift */ = {isa = PBXFileReference; lastKnownFileType = sourcecode.swift; path = LastRowView.swift; sourceTree = "<group>"; };
		8492CCD72429A75F001D76DE /* CircleProgressView.swift */ = {isa = PBXFileReference; lastKnownFileType = sourcecode.swift; path = CircleProgressView.swift; sourceTree = "<group>"; };
		849AF7D62428FD1600D00542 /* issues.json */ = {isa = PBXFileReference; lastKnownFileType = text.json; path = issues.json; sourceTree = "<group>"; };
		849AF7D82428FD2F00D00542 /* Issue.swift */ = {isa = PBXFileReference; lastKnownFileType = sourcecode.swift; path = Issue.swift; sourceTree = "<group>"; };
		849DBC85241B32180026E23B /* ViewRouter.swift */ = {isa = PBXFileReference; lastKnownFileType = sourcecode.swift; path = ViewRouter.swift; sourceTree = "<group>"; };
		849DBC87241B3AD00026E23B /* MainView.swift */ = {isa = PBXFileReference; lastKnownFileType = sourcecode.swift; path = MainView.swift; sourceTree = "<group>"; };
		849DBC89241B3EE30026E23B /* AppSession.swift */ = {isa = PBXFileReference; lastKnownFileType = sourcecode.swift; path = AppSession.swift; sourceTree = "<group>"; };
		849DBC8B241B3FB90026E23B /* AppState.swift */ = {isa = PBXFileReference; lastKnownFileType = sourcecode.swift; path = AppState.swift; sourceTree = "<group>"; };
		849DBC8E241B683E0026E23B /* projects.json */ = {isa = PBXFileReference; lastKnownFileType = text.json; path = projects.json; sourceTree = "<group>"; };
		849DBC90241B68CA0026E23B /* Project.swift */ = {isa = PBXFileReference; lastKnownFileType = sourcecode.swift; path = Project.swift; sourceTree = "<group>"; };
		849DBC92241B6A280026E23B /* Data.swift */ = {isa = PBXFileReference; fileEncoding = 4; lastKnownFileType = sourcecode.swift; path = Data.swift; sourceTree = "<group>"; };
		849DBC94241B6A820026E23B /* ProjectListView.swift */ = {isa = PBXFileReference; lastKnownFileType = sourcecode.swift; path = ProjectListView.swift; sourceTree = "<group>"; };
		849DBC96241B6AA30026E23B /* ProjectRowView.swift */ = {isa = PBXFileReference; lastKnownFileType = sourcecode.swift; path = ProjectRowView.swift; sourceTree = "<group>"; };
		849DBC9E241B8DEF0026E23B /* ProjectListModel.swift */ = {isa = PBXFileReference; lastKnownFileType = sourcecode.swift; path = ProjectListModel.swift; sourceTree = "<group>"; };
		84A22DED244A91ED00A7E4A1 /* Authentication.swift */ = {isa = PBXFileReference; lastKnownFileType = sourcecode.swift; path = Authentication.swift; sourceTree = "<group>"; };
		84ABC0E724286D9F0083EF34 /* NotFoundView.swift */ = {isa = PBXFileReference; lastKnownFileType = sourcecode.swift; path = NotFoundView.swift; sourceTree = "<group>"; };
		84ABCA472456ECE300BA6A45 /* ErrorView.swift */ = {isa = PBXFileReference; lastKnownFileType = sourcecode.swift; name = ErrorView.swift; path = "Agile Board Team/Shared/View/ErrorView.swift"; sourceTree = SOURCE_ROOT; };
		84ABCA492456ECEE00BA6A45 /* ErrorBannerView.swift */ = {isa = PBXFileReference; lastKnownFileType = sourcecode.swift; name = ErrorBannerView.swift; path = "Agile Board Team/Shared/View/ErrorBannerView.swift"; sourceTree = SOURCE_ROOT; };
		84BBD2D0242C46F500E9A8EF /* IssueDetailModel.swift */ = {isa = PBXFileReference; lastKnownFileType = sourcecode.swift; path = IssueDetailModel.swift; sourceTree = "<group>"; };
		84C3234B242B6387007CB0CD /* IssueReporterView.swift */ = {isa = PBXFileReference; lastKnownFileType = sourcecode.swift; path = IssueReporterView.swift; sourceTree = "<group>"; };
		84C3234D242B6572007CB0CD /* IssueReporter.swift */ = {isa = PBXFileReference; lastKnownFileType = sourcecode.swift; path = IssueReporter.swift; sourceTree = "<group>"; };
		84C55FE8242AEB5D0050DA53 /* IssuePriority.swift */ = {isa = PBXFileReference; lastKnownFileType = sourcecode.swift; path = IssuePriority.swift; sourceTree = "<group>"; };
		84C55FEA242AF1910050DA53 /* IssueStatus.swift */ = {isa = PBXFileReference; lastKnownFileType = sourcecode.swift; path = IssueStatus.swift; sourceTree = "<group>"; };
		84C55FEC242AF8730050DA53 /* Extension+UIColor.swift */ = {isa = PBXFileReference; lastKnownFileType = sourcecode.swift; path = "Extension+UIColor.swift"; sourceTree = "<group>"; };
		84C55FEE242AFC7D0050DA53 /* IssueDetailView.swift */ = {isa = PBXFileReference; lastKnownFileType = sourcecode.swift; path = IssueDetailView.swift; sourceTree = "<group>"; };
		84C55FF0242B09BA0050DA53 /* IssueTypeRowView.swift */ = {isa = PBXFileReference; lastKnownFileType = sourcecode.swift; path = IssueTypeRowView.swift; sourceTree = "<group>"; };
		84C55FF2242B0EA00050DA53 /* IssueProjectRowView.swift */ = {isa = PBXFileReference; lastKnownFileType = sourcecode.swift; path = IssueProjectRowView.swift; sourceTree = "<group>"; };
		84C8FD70243DCDB10074FBB5 /* KeyboardAwareModifier.swift */ = {isa = PBXFileReference; lastKnownFileType = sourcecode.swift; path = KeyboardAwareModifier.swift; sourceTree = "<group>"; };
		84CA9D3F2458067C004C50F9 /* issueStatuses.json */ = {isa = PBXFileReference; lastKnownFileType = text.json; path = issueStatuses.json; sourceTree = "<group>"; };
		84CA9D4124580E49004C50F9 /* IssueAPI+IssueStatus.swift */ = {isa = PBXFileReference; lastKnownFileType = sourcecode.swift; path = "IssueAPI+IssueStatus.swift"; sourceTree = "<group>"; };
		84CA9D4324586B27004C50F9 /* IssueAPI+IssuePriority.swift */ = {isa = PBXFileReference; lastKnownFileType = sourcecode.swift; path = "IssueAPI+IssuePriority.swift"; sourceTree = "<group>"; };
		84D13AFA2474E11B005515E3 /* APIAuthentication.swift */ = {isa = PBXFileReference; lastKnownFileType = sourcecode.swift; path = APIAuthentication.swift; sourceTree = "<group>"; };
		84D13AFC2474E90D005515E3 /* Mock.swift */ = {isa = PBXFileReference; lastKnownFileType = sourcecode.swift; path = Mock.swift; sourceTree = "<group>"; };
		84D13AFE2474E94A005515E3 /* Fixture.swift */ = {isa = PBXFileReference; lastKnownFileType = sourcecode.swift; path = Fixture.swift; sourceTree = "<group>"; };
		84D225CE2456742000A10695 /* Optional+Extension.swift */ = {isa = PBXFileReference; lastKnownFileType = sourcecode.swift; path = "Optional+Extension.swift"; sourceTree = "<group>"; };
		84D225F024568C9A00A10695 /* TextView.swift */ = {isa = PBXFileReference; lastKnownFileType = sourcecode.swift; path = TextView.swift; sourceTree = "<group>"; };
		84D225F224568D0000A10695 /* PlaceholderTextView.swift */ = {isa = PBXFileReference; lastKnownFileType = sourcecode.swift; path = PlaceholderTextView.swift; sourceTree = "<group>"; };
		84D28469244A976900623F05 /* TokenManager.swift */ = {isa = PBXFileReference; lastKnownFileType = sourcecode.swift; path = TokenManager.swift; sourceTree = "<group>"; };
		84D2846B244ABA6400623F05 /* UserDefaultKey.swift */ = {isa = PBXFileReference; lastKnownFileType = sourcecode.swift; path = UserDefaultKey.swift; sourceTree = "<group>"; };
		84D2846D244ABADF00623F05 /* TestAuthentication.swift */ = {isa = PBXFileReference; lastKnownFileType = sourcecode.swift; path = TestAuthentication.swift; sourceTree = "<group>"; };
		84D665F6245981B2000FB4A2 /* users.json */ = {isa = PBXFileReference; lastKnownFileType = text.json; path = users.json; sourceTree = "<group>"; };
		84D7EFE42441A12400433EC7 /* CustomScrollView.swift */ = {isa = PBXFileReference; lastKnownFileType = sourcecode.swift; path = CustomScrollView.swift; sourceTree = "<group>"; };
		84E2EDF424503C0A00D5B5C8 /* IssueDetailModel+IssueType.swift */ = {isa = PBXFileReference; lastKnownFileType = sourcecode.swift; path = "IssueDetailModel+IssueType.swift"; sourceTree = "<group>"; };
		84EBD3742457C43600C29434 /* TitleDescriptionModel.swift */ = {isa = PBXFileReference; lastKnownFileType = sourcecode.swift; path = TitleDescriptionModel.swift; sourceTree = "<group>"; };
		84EBD3762457C85000C29434 /* IssueAPI+TitleDescription.swift */ = {isa = PBXFileReference; lastKnownFileType = sourcecode.swift; path = "IssueAPI+TitleDescription.swift"; sourceTree = "<group>"; };
		84EBD37B2457E3BC00C29434 /* SlideOverCard.swift */ = {isa = PBXFileReference; lastKnownFileType = sourcecode.swift; path = SlideOverCard.swift; sourceTree = "<group>"; };
		84EBD3802457E8FF00C29434 /* IssueStatusListView.swift */ = {isa = PBXFileReference; lastKnownFileType = sourcecode.swift; path = IssueStatusListView.swift; sourceTree = "<group>"; };
		84EBD3822457E90C00C29434 /* IssueStatusListModel.swift */ = {isa = PBXFileReference; lastKnownFileType = sourcecode.swift; path = IssueStatusListModel.swift; sourceTree = "<group>"; };
		84EBD3842457E94000C29434 /* IssueStatusRowForListView.swift */ = {isa = PBXFileReference; lastKnownFileType = sourcecode.swift; path = IssueStatusRowForListView.swift; sourceTree = "<group>"; };
		84F6D72B2432F83B00CF28FF /* RefreshableNavigationView.swift */ = {isa = PBXFileReference; lastKnownFileType = sourcecode.swift; path = RefreshableNavigationView.swift; sourceTree = "<group>"; };
		84F932F224499B05007F12B8 /* RequestData.swift */ = {isa = PBXFileReference; lastKnownFileType = sourcecode.swift; path = RequestData.swift; sourceTree = "<group>"; };
		84F932F42449A279007F12B8 /* APIError.swift */ = {isa = PBXFileReference; lastKnownFileType = sourcecode.swift; path = APIError.swift; sourceTree = "<group>"; };
		84FCDD64247B6AFA00CFDEFC /* PublisherHelper.swift */ = {isa = PBXFileReference; lastKnownFileType = sourcecode.swift; path = PublisherHelper.swift; sourceTree = "<group>"; };
/* End PBXFileReference section */

/* Begin PBXFrameworksBuildPhase section */
		840F268D24187C0B0085FBA6 /* Frameworks */ = {
			isa = PBXFrameworksBuildPhase;
			buildActionMask = 2147483647;
			files = (
				84EBD37A2457DEA500C29434 /* PartialSheet in Frameworks */,
				84E2EDF32450379F00D5B5C8 /* RefreshableList in Frameworks */,
			);
			runOnlyForDeploymentPostprocessing = 0;
		};
		840FDB54241A27E000C395E8 /* Frameworks */ = {
			isa = PBXFrameworksBuildPhase;
			buildActionMask = 2147483647;
			files = (
			);
			runOnlyForDeploymentPostprocessing = 0;
		};
/* End PBXFrameworksBuildPhase section */

/* Begin PBXGroup section */
		840A01022459659E000C53CB /* Issue Assignee */ = {
			isa = PBXGroup;
			children = (
				840A0103245965AE000C53CB /* Model */,
				840A0104245965B3000C53CB /* View */,
			);
			path = "Issue Assignee";
			sourceTree = "<group>";
		};
		840A0103245965AE000C53CB /* Model */ = {
			isa = PBXGroup;
			children = (
				840A0109245965F8000C53CB /* IssueAssigneeListModel.swift */,
			);
			path = Model;
			sourceTree = "<group>";
		};
		840A0104245965B3000C53CB /* View */ = {
			isa = PBXGroup;
			children = (
				840A0105245965D3000C53CB /* IssueAssigneeListView.swift */,
				840A0107245965E6000C53CB /* IssueAssigneeRowForListView.swift */,
			);
			path = View;
			sourceTree = "<group>";
		};
		840B052A242DAFCE00E30ED4 /* Issue Type */ = {
			isa = PBXGroup;
			children = (
				8451AD60242DF06A006FD325 /* View Model */,
				8451AD5F242DF05F006FD325 /* View */,
			);
			path = "Issue Type";
			sourceTree = "<group>";
		};
		840F268724187C0B0085FBA6 = {
			isa = PBXGroup;
			children = (
				840F269224187C0B0085FBA6 /* Agile Board Team */,
				840FDB58241A27E000C395E8 /* Agile Board TeamTests */,
				840F269124187C0B0085FBA6 /* Products */,
				840FDB61241A284800C395E8 /* Agile Board TeamTests-Bridging-Header.h */,
			);
			sourceTree = "<group>";
		};
		840F269124187C0B0085FBA6 /* Products */ = {
			isa = PBXGroup;
			children = (
				840F269024187C0B0085FBA6 /* Agile Board Team.app */,
				840FDB57241A27E000C395E8 /* Agile Board TeamTests.xctest */,
			);
			name = Products;
			sourceTree = "<group>";
		};
		840F269224187C0B0085FBA6 /* Agile Board Team */ = {
			isa = PBXGroup;
			children = (
				8451AD68242DF19B006FD325 /* App Delegate */,
				846ECCAB2419F12400C8DFA3 /* API Request */,
				840F26AC24188B3B0085FBA6 /* Extension */,
				8451AD65242DF10F006FD325 /* Network */,
				8492CCD024299E2E001D76DE /* Shared */,
				840F26A724187C1C0085FBA6 /* Login */,
				848D53A7241B27EA00BAB5E6 /* Project */,
				8480614D2428AA2E00B143BA /* Board */,
				848D53AC241B285A00BAB5E6 /* Issue */,
				8480DFFB242BADF6002F8183 /* Priority */,
				840B052A242DAFCE00E30ED4 /* Issue Type */,
				84EBD37D2457E89C00C29434 /* Issue Status */,
				840A01022459659E000C53CB /* Issue Assignee */,
				848D53AD241B286500BAB5E6 /* Setting */,
				846ECCA62419EDDD00C8DFA3 /* Model */,
				840F269924187C0D0085FBA6 /* Assets.xcassets */,
				840F269E24187C0D0085FBA6 /* LaunchScreen.storyboard */,
				840F26A124187C0D0085FBA6 /* Info.plist */,
				840F26AF241893470085FBA6 /* Agile Board Team.entitlements */,
				840F26BC24193F1C0085FBA6 /* Resource */,
				840F269B24187C0D0085FBA6 /* Preview Content */,
				8420495A241A7AB3001FE724 /* Mock */,
			);
			path = "Agile Board Team";
			sourceTree = "<group>";
		};
		840F269B24187C0D0085FBA6 /* Preview Content */ = {
			isa = PBXGroup;
			children = (
				840F269C24187C0D0085FBA6 /* Preview Assets.xcassets */,
			);
			path = "Preview Content";
			sourceTree = "<group>";
		};
		840F26A724187C1C0085FBA6 /* Login */ = {
			isa = PBXGroup;
			children = (
				8451AD64242DF0F7006FD325 /* View Model */,
				8451AD63242DF0F2006FD325 /* View */,
			);
			path = Login;
			sourceTree = "<group>";
		};
		840F26AC24188B3B0085FBA6 /* Extension */ = {
			isa = PBXGroup;
			children = (
				840F26AD24188B490085FBA6 /* Extension+Color.swift */,
				84C55FEC242AF8730050DA53 /* Extension+UIColor.swift */,
				840FDB69241A370000C395E8 /* URLSession+Extension.swift */,
				840FDB6B241A381800C395E8 /* URLSessionUploadTask+Extension.swift */,
				8425B9EC2424C5E800AB9E98 /* UIApplication+Extension.swift */,
				8425B9EE2424C5F500AB9E98 /* View+Extension.swift */,
				8485A7AF2452D2580018E5E2 /* NotificationCenter+Extension.swift */,
				84D225CE2456742000A10695 /* Optional+Extension.swift */,
			);
			path = Extension;
			sourceTree = "<group>";
		};
		840F26BC24193F1C0085FBA6 /* Resource */ = {
			isa = PBXGroup;
			children = (
				849DBC8D241B68240026E23B /* Project */,
				840FDB66241A2A5600C395E8 /* Login */,
				840F26B82418DEE40085FBA6 /* Demo */,
			);
			path = Resource;
			sourceTree = "<group>";
		};
		840FDB58241A27E000C395E8 /* Agile Board TeamTests */ = {
			isa = PBXGroup;
			children = (
				84D2846D244ABADF00623F05 /* TestAuthentication.swift */,
				84531C2324761C0A005CC6AA /* APITest.swift */,
				84D13AFC2474E90D005515E3 /* Mock.swift */,
				84D13AFE2474E94A005515E3 /* Fixture.swift */,
				8423D066246BDFEA00524716 /* URLProtocolMock.swift */,
				84531C25247627CE005CC6AA /* JSONDecoder_DateDecodingStrategy+Extension.swift */,
				84531C2724762FA0005CC6AA /* JSONDecoder_KeyDecodingStrategy+Extension.swift */,
				84596D472477810D00D3A2AD /* TokenManagerTest.swift */,
				84FCDD64247B6AFA00CFDEFC /* PublisherHelper.swift */,
				840FDB5B241A27E000C395E8 /* Info.plist */,
			);
			path = "Agile Board TeamTests";
			sourceTree = "<group>";
		};
		840FDB66241A2A5600C395E8 /* Login */ = {
			isa = PBXGroup;
			children = (
				846ECCA42419BF7600C8DFA3 /* LoginError1.json */,
				840FDB67241A2AB600C395E8 /* LoginError2.json */,
				840F26BA24193F0E0085FBA6 /* LoginSucceeded.json */,
			);
			path = Login;
			sourceTree = "<group>";
		};
		8420495A241A7AB3001FE724 /* Mock */ = {
			isa = PBXGroup;
			children = (
				84204958241A7A9E001FE724 /* URLSessionMock.swift */,
				8420495B241A7AE6001FE724 /* MockURLSessionUploadTask.swift */,
			);
			path = Mock;
			sourceTree = "<group>";
		};
		8451AD59242DEFD1006FD325 /* View */ = {
			isa = PBXGroup;
			children = (
				848D53A8241B283E00BAB5E6 /* IssueListView.swift */,
				84C55FF2242B0EA00050DA53 /* IssueProjectRowView.swift */,
				8492CCCC242995CB001D76DE /* IssueRowView.swift */,
				84C55FEE242AFC7D0050DA53 /* IssueDetailView.swift */,
				84316FAA242B1174002C0350 /* IssueAttachmentRowView.swift */,
				84C55FF0242B09BA0050DA53 /* IssueTypeRowView.swift */,
				84C3234B242B6387007CB0CD /* IssueReporterView.swift */,
				84316FA8242B105D002C0350 /* IssuePriorityRowView.swift */,
				8420AFE224542E28007E6B6B /* IssueTitleDescriptionView.swift */,
				84EBD3742457C43600C29434 /* TitleDescriptionModel.swift */,
			);
			path = View;
			sourceTree = "<group>";
		};
		8451AD5A242DEFD7006FD325 /* View Model */ = {
			isa = PBXGroup;
			children = (
				8492CCD124299E54001D76DE /* IssueListModel.swift */,
				84BBD2D0242C46F500E9A8EF /* IssueDetailModel.swift */,
				84E2EDF424503C0A00D5B5C8 /* IssueDetailModel+IssueType.swift */,
			);
			path = "View Model";
			sourceTree = "<group>";
		};
		8451AD5B242DF004006FD325 /* View */ = {
			isa = PBXGroup;
			children = (
				840F26B42418CBED0085FBA6 /* ProjectView.swift */,
				849DBC94241B6A820026E23B /* ProjectListView.swift */,
				849DBC96241B6AA30026E23B /* ProjectRowView.swift */,
			);
			path = View;
			sourceTree = "<group>";
		};
		8451AD5C242DF008006FD325 /* View Model */ = {
			isa = PBXGroup;
			children = (
				849DBC9E241B8DEF0026E23B /* ProjectListModel.swift */,
			);
			path = "View Model";
			sourceTree = "<group>";
		};
		8451AD5D242DF046006FD325 /* View */ = {
			isa = PBXGroup;
			children = (
				8480DFFC242BAE13002F8183 /* PriorityListView.swift */,
				8480E000242BB00F002F8183 /* PriorityRowView.swift */,
			);
			path = View;
			sourceTree = "<group>";
		};
		8451AD5E242DF04A006FD325 /* View Model */ = {
			isa = PBXGroup;
			children = (
				8480DFFE242BAE26002F8183 /* PriorityListModel.swift */,
			);
			path = "View Model";
			sourceTree = "<group>";
		};
		8451AD5F242DF05F006FD325 /* View */ = {
			isa = PBXGroup;
			children = (
				840B052D242DB08000E30ED4 /* IssueTypeListView.swift */,
				840B0531242DB2C400E30ED4 /* IssueTypeRowForListView.swift */,
			);
			path = View;
			sourceTree = "<group>";
		};
		8451AD60242DF06A006FD325 /* View Model */ = {
			isa = PBXGroup;
			children = (
				840B052B242DAFFF00E30ED4 /* IssueTypeListModel.swift */,
			);
			path = "View Model";
			sourceTree = "<group>";
		};
		8451AD61242DF086006FD325 /* View */ = {
			isa = PBXGroup;
			children = (
				848D53A6241B27C800BAB5E6 /* Progress */,
				8492CCCE24299DC1001D76DE /* SearchView.swift */,
				8492CCD52429A669001D76DE /* LastRowView.swift */,
				8492CCD72429A75F001D76DE /* CircleProgressView.swift */,
				84ABC0E724286D9F0083EF34 /* NotFoundView.swift */,
				8430DC9D24318A6300CCD541 /* RefreashableScrollView.swift */,
				84F6D72B2432F83B00CF28FF /* RefreshableNavigationView.swift */,
				84D7EFE42441A12400433EC7 /* CustomScrollView.swift */,
				845D003C244E053000216A86 /* RefreshView.swift */,
				84D225F024568C9A00A10695 /* TextView.swift */,
				84ABCA492456ECEE00BA6A45 /* ErrorBannerView.swift */,
				84ABCA472456ECE300BA6A45 /* ErrorView.swift */,
				84D225F224568D0000A10695 /* PlaceholderTextView.swift */,
				84EBD37B2457E3BC00C29434 /* SlideOverCard.swift */,
			);
			path = View;
			sourceTree = "<group>";
		};
		8451AD62242DF08C006FD325 /* View Model */ = {
			isa = PBXGroup;
			children = (
				844DF1072429B4B7001E29EB /* BaseListModel.swift */,
				84C8FD70243DCDB10074FBB5 /* KeyboardAwareModifier.swift */,
				8470407F244FE6C20041DFD7 /* RefreshableList.swift */,
			);
			path = "View Model";
			sourceTree = "<group>";
		};
		8451AD63242DF0F2006FD325 /* View */ = {
			isa = PBXGroup;
			children = (
				840F26A824187C3B0085FBA6 /* LoginView.swift */,
			);
			path = View;
			sourceTree = "<group>";
		};
		8451AD64242DF0F7006FD325 /* View Model */ = {
			isa = PBXGroup;
			children = (
				84741C1D2420B021004F3663 /* LoginModel.swift */,
			);
			path = "View Model";
			sourceTree = "<group>";
		};
		8451AD65242DF10F006FD325 /* Network */ = {
			isa = PBXGroup;
			children = (
				8438B47B24236F4600E39464 /* URLSetting.swift */,
				8421319624237466008716FE /* NetworkModel.swift */,
				84F932F224499B05007F12B8 /* RequestData.swift */,
				8438B47D2423702B00E39464 /* NetworkRequest.swift */,
				84F932F42449A279007F12B8 /* APIError.swift */,
				84A22DED244A91ED00A7E4A1 /* Authentication.swift */,
				8475B7A8245151AC0087CD69 /* IssueAPI.swift */,
				8475B7AA24517BEF0087CD69 /* IssueAPI+IssueType.swift */,
				84EBD3762457C85000C29434 /* IssueAPI+TitleDescription.swift */,
				84CA9D4124580E49004C50F9 /* IssueAPI+IssueStatus.swift */,
				84CA9D4324586B27004C50F9 /* IssueAPI+IssuePriority.swift */,
				840A010024595E27000C53CB /* IssueAPI+IssueProject.swift */,
				84D28469244A976900623F05 /* TokenManager.swift */,
				84D2846B244ABA6400623F05 /* UserDefaultKey.swift */,
			);
			path = Network;
			sourceTree = "<group>";
		};
		8451AD66242DF187006FD325 /* View */ = {
			isa = PBXGroup;
			children = (
				840F269724187C0B0085FBA6 /* ContentView.swift */,
				849DBC87241B3AD00026E23B /* MainView.swift */,
			);
			path = View;
			sourceTree = "<group>";
		};
		8451AD67242DF18C006FD325 /* View Model */ = {
			isa = PBXGroup;
			children = (
				849DBC85241B32180026E23B /* ViewRouter.swift */,
				849DBC8B241B3FB90026E23B /* AppState.swift */,
			);
			path = "View Model";
			sourceTree = "<group>";
		};
		8451AD68242DF19B006FD325 /* App Delegate */ = {
			isa = PBXGroup;
			children = (
				8451AD67242DF18C006FD325 /* View Model */,
				8451AD66242DF187006FD325 /* View */,
				840F269324187C0B0085FBA6 /* AppDelegate.swift */,
				840F269524187C0B0085FBA6 /* SceneDelegate.swift */,
			);
			path = "App Delegate";
			sourceTree = "<group>";
		};
		8451AD69242DF273006FD325 /* Image Loader */ = {
			isa = PBXGroup;
			children = (
				8417CD0E24226A3D0029B7E6 /* ImageLoader.swift */,
				8417CD1024226BA70029B7E6 /* URLImage.swift */,
				8417CD12242279DD0029B7E6 /* ImageCache.swift */,
				8417CD1424227A0B0029B7E6 /* ImageModel.swift */,
				8417CD1624227A480029B7E6 /* RemoteImage.swift */,
			);
			path = "Image Loader";
			sourceTree = "<group>";
		};
		846ECCA62419EDDD00C8DFA3 /* Model */ = {
			isa = PBXGroup;
			children = (
				844DF10B2429BF28001E29EB /* RespondData.swift */,
				846ECCA72419EDF400C8DFA3 /* User.swift */,
				849DBC89241B3EE30026E23B /* AppSession.swift */,
				849DBC90241B68CA0026E23B /* Project.swift */,
				849DBC92241B6A280026E23B /* Data.swift */,
				849AF7D82428FD2F00D00542 /* Issue.swift */,
				8451D7ED242A642F000C1F56 /* IssueType.swift */,
				84C55FE8242AEB5D0050DA53 /* IssuePriority.swift */,
				84C55FEA242AF1910050DA53 /* IssueStatus.swift */,
				84C3234D242B6572007CB0CD /* IssueReporter.swift */,
				84741C1F2420B1A1004F3663 /* Entry.swift */,
				84741C212420B1B9004F3663 /* MetaData.swift */,
			);
			path = Model;
			sourceTree = "<group>";
		};
		846ECCAB2419F12400C8DFA3 /* API Request */ = {
			isa = PBXGroup;
			children = (
				840F26B62418DA8B0085FBA6 /* APIRequest.swift */,
				846ECCA92419F05000C8DFA3 /* APILoginRequest.swift */,
				8423D068246BE75500524716 /* API.swift */,
				84D13AFA2474E11B005515E3 /* APIAuthentication.swift */,
				8423D06E246BE9F100524716 /* API+Login.swift */,
				8423D06A246BE7E300524716 /* APIDataTaskPublisher.swift */,
				8423D06C246BE84300524716 /* APISessionDataPublisher.swift */,
			);
			path = "API Request";
			sourceTree = "<group>";
		};
		8480614D2428AA2E00B143BA /* Board */ = {
			isa = PBXGroup;
			children = (
			);
			path = Board;
			sourceTree = "<group>";
		};
		8480DFFB242BADF6002F8183 /* Priority */ = {
			isa = PBXGroup;
			children = (
				8451AD5E242DF04A006FD325 /* View Model */,
				8451AD5D242DF046006FD325 /* View */,
			);
			path = Priority;
			sourceTree = "<group>";
		};
		848D53A6241B27C800BAB5E6 /* Progress */ = {
			isa = PBXGroup;
			children = (
				848D53A4241B17F800BAB5E6 /* InfiniteProgressView.swift */,
			);
			path = Progress;
			sourceTree = "<group>";
		};
		848D53A7241B27EA00BAB5E6 /* Project */ = {
			isa = PBXGroup;
			children = (
				8451AD5C242DF008006FD325 /* View Model */,
				8451AD5B242DF004006FD325 /* View */,
			);
			path = Project;
			sourceTree = "<group>";
		};
		848D53AC241B285A00BAB5E6 /* Issue */ = {
			isa = PBXGroup;
			children = (
				8451AD5A242DEFD7006FD325 /* View Model */,
				8451AD59242DEFD1006FD325 /* View */,
			);
			path = Issue;
			sourceTree = "<group>";
		};
		848D53AD241B286500BAB5E6 /* Setting */ = {
			isa = PBXGroup;
			children = (
				848D53AA241B285100BAB5E6 /* SettingView.swift */,
			);
			path = Setting;
			sourceTree = "<group>";
		};
		8492CCD024299E2E001D76DE /* Shared */ = {
			isa = PBXGroup;
			children = (
				8451AD69242DF273006FD325 /* Image Loader */,
				8451AD62242DF08C006FD325 /* View Model */,
				8451AD61242DF086006FD325 /* View */,
			);
			path = Shared;
			sourceTree = "<group>";
		};
		849DBC8D241B68240026E23B /* Project */ = {
			isa = PBXGroup;
			children = (
				849DBC8E241B683E0026E23B /* projects.json */,
				8480E002242BB419002F8183 /* priorities.json */,
				849AF7D62428FD1600D00542 /* issues.json */,
				840B052F242DB27200E30ED4 /* issueTypes.json */,
				84CA9D3F2458067C004C50F9 /* issueStatuses.json */,
				84D665F6245981B2000FB4A2 /* users.json */,
			);
			path = Project;
			sourceTree = "<group>";
		};
		84EBD37D2457E89C00C29434 /* Issue Status */ = {
			isa = PBXGroup;
			children = (
				84EBD37E2457E8AD00C29434 /* Model */,
				84EBD37F2457E8B200C29434 /* View */,
			);
			path = "Issue Status";
			sourceTree = "<group>";
		};
		84EBD37E2457E8AD00C29434 /* Model */ = {
			isa = PBXGroup;
			children = (
				84EBD3822457E90C00C29434 /* IssueStatusListModel.swift */,
			);
			path = Model;
			sourceTree = "<group>";
		};
		84EBD37F2457E8B200C29434 /* View */ = {
			isa = PBXGroup;
			children = (
				84EBD3802457E8FF00C29434 /* IssueStatusListView.swift */,
				84EBD3842457E94000C29434 /* IssueStatusRowForListView.swift */,
			);
			path = View;
			sourceTree = "<group>";
		};
/* End PBXGroup section */

/* Begin PBXNativeTarget section */
		840F268F24187C0B0085FBA6 /* Agile Board Team */ = {
			isa = PBXNativeTarget;
			buildConfigurationList = 840F26A424187C0D0085FBA6 /* Build configuration list for PBXNativeTarget "Agile Board Team" */;
			buildPhases = (
				840F268C24187C0B0085FBA6 /* Sources */,
				840F268D24187C0B0085FBA6 /* Frameworks */,
				840F268E24187C0B0085FBA6 /* Resources */,
			);
			buildRules = (
			);
			dependencies = (
			);
			name = "Agile Board Team";
			packageProductDependencies = (
				84E2EDF22450379F00D5B5C8 /* RefreshableList */,
				84EBD3792457DEA500C29434 /* PartialSheet */,
			);
			productName = "Agile Board Team";
			productReference = 840F269024187C0B0085FBA6 /* Agile Board Team.app */;
			productType = "com.apple.product-type.application";
		};
		840FDB56241A27E000C395E8 /* Agile Board TeamTests */ = {
			isa = PBXNativeTarget;
			buildConfigurationList = 840FDB60241A27E000C395E8 /* Build configuration list for PBXNativeTarget "Agile Board TeamTests" */;
			buildPhases = (
				840FDB53241A27E000C395E8 /* Sources */,
				840FDB54241A27E000C395E8 /* Frameworks */,
				840FDB55241A27E000C395E8 /* Resources */,
			);
			buildRules = (
			);
			dependencies = (
				840FDB5D241A27E000C395E8 /* PBXTargetDependency */,
			);
			name = "Agile Board TeamTests";
			productName = "Agile Board TeamTests";
			productReference = 840FDB57241A27E000C395E8 /* Agile Board TeamTests.xctest */;
			productType = "com.apple.product-type.bundle.unit-test";
		};
/* End PBXNativeTarget section */

/* Begin PBXProject section */
		840F268824187C0B0085FBA6 /* Project object */ = {
			isa = PBXProject;
			attributes = {
				LastSwiftUpdateCheck = 1130;
				LastUpgradeCheck = 1130;
				ORGANIZATIONNAME = Filesoft;
				TargetAttributes = {
					840F268F24187C0B0085FBA6 = {
						CreatedOnToolsVersion = 11.3.1;
					};
					840FDB56241A27E000C395E8 = {
						CreatedOnToolsVersion = 11.3.1;
						LastSwiftMigration = 1130;
						TestTargetID = 840F268F24187C0B0085FBA6;
					};
				};
			};
			buildConfigurationList = 840F268B24187C0B0085FBA6 /* Build configuration list for PBXProject "Agile Board Team" */;
			compatibilityVersion = "Xcode 9.3";
			developmentRegion = en;
			hasScannedForEncodings = 0;
			knownRegions = (
				en,
				Base,
			);
			mainGroup = 840F268724187C0B0085FBA6;
			packageReferences = (
				84E2EDF12450379F00D5B5C8 /* XCRemoteSwiftPackageReference "RefreshableList" */,
				84EBD3782457DEA500C29434 /* XCRemoteSwiftPackageReference "PartialSheet" */,
			);
			productRefGroup = 840F269124187C0B0085FBA6 /* Products */;
			projectDirPath = "";
			projectRoot = "";
			targets = (
				840F268F24187C0B0085FBA6 /* Agile Board Team */,
				840FDB56241A27E000C395E8 /* Agile Board TeamTests */,
			);
		};
/* End PBXProject section */

/* Begin PBXResourcesBuildPhase section */
		840F268E24187C0B0085FBA6 /* Resources */ = {
			isa = PBXResourcesBuildPhase;
			buildActionMask = 2147483647;
			files = (
				849AF7D72428FD1600D00542 /* issues.json in Resources */,
				840B0530242DB27200E30ED4 /* issueTypes.json in Resources */,
				846ECCA52419BF7600C8DFA3 /* LoginError1.json in Resources */,
				840F26A024187C0D0085FBA6 /* LaunchScreen.storyboard in Resources */,
				8480E003242BB419002F8183 /* priorities.json in Resources */,
				840FDB68241A2AB600C395E8 /* LoginError2.json in Resources */,
				840F26BB24193F0E0085FBA6 /* LoginSucceeded.json in Resources */,
				84CA9D402458067C004C50F9 /* issueStatuses.json in Resources */,
				84D665F7245981B2000FB4A2 /* users.json in Resources */,
				840F26B92418DEE40085FBA6 /* Demo in Resources */,
				840F269D24187C0D0085FBA6 /* Preview Assets.xcassets in Resources */,
				840F269A24187C0D0085FBA6 /* Assets.xcassets in Resources */,
				849DBC8F241B683E0026E23B /* projects.json in Resources */,
			);
			runOnlyForDeploymentPostprocessing = 0;
		};
		840FDB55241A27E000C395E8 /* Resources */ = {
			isa = PBXResourcesBuildPhase;
			buildActionMask = 2147483647;
			files = (
			);
			runOnlyForDeploymentPostprocessing = 0;
		};
/* End PBXResourcesBuildPhase section */

/* Begin PBXSourcesBuildPhase section */
		840F268C24187C0B0085FBA6 /* Sources */ = {
			isa = PBXSourcesBuildPhase;
			buildActionMask = 2147483647;
			files = (
				845D003D244E053000216A86 /* RefreshView.swift in Sources */,
				84C55FF1242B09BA0050DA53 /* IssueTypeRowView.swift in Sources */,
				84204959241A7A9E001FE724 /* URLSessionMock.swift in Sources */,
				8423D06D246BE84300524716 /* APISessionDataPublisher.swift in Sources */,
				840F269424187C0B0085FBA6 /* AppDelegate.swift in Sources */,
				840A010124595E27000C53CB /* IssueAPI+IssueProject.swift in Sources */,
				844DF10C2429BF28001E29EB /* RespondData.swift in Sources */,
				840F26AE24188B490085FBA6 /* Extension+Color.swift in Sources */,
				8421319724237466008716FE /* NetworkModel.swift in Sources */,
				848D53AB241B285100BAB5E6 /* SettingView.swift in Sources */,
				8417CD1724227A480029B7E6 /* RemoteImage.swift in Sources */,
				8423D06B246BE7E300524716 /* APIDataTaskPublisher.swift in Sources */,
				8480DFFD242BAE13002F8183 /* PriorityListView.swift in Sources */,
				840F269624187C0B0085FBA6 /* SceneDelegate.swift in Sources */,
				849DBC97241B6AA30026E23B /* ProjectRowView.swift in Sources */,
				8475B7A9245151AC0087CD69 /* IssueAPI.swift in Sources */,
				849DBC95241B6A820026E23B /* ProjectListView.swift in Sources */,
				849DBC9F241B8DEF0026E23B /* ProjectListModel.swift in Sources */,
				84C55FEF242AFC7D0050DA53 /* IssueDetailView.swift in Sources */,
				840B052E242DB08000E30ED4 /* IssueTypeListView.swift in Sources */,
				84F932F324499B05007F12B8 /* RequestData.swift in Sources */,
				8420495C241A7AE6001FE724 /* MockURLSessionUploadTask.swift in Sources */,
				849DBC93241B6A280026E23B /* Data.swift in Sources */,
				840F26A924187C3B0085FBA6 /* LoginView.swift in Sources */,
				840A010A245965F8000C53CB /* IssueAssigneeListModel.swift in Sources */,
				84D7EFE52441A12400433EC7 /* CustomScrollView.swift in Sources */,
				84EBD37C2457E3BC00C29434 /* SlideOverCard.swift in Sources */,
				846ECCAA2419F05000C8DFA3 /* APILoginRequest.swift in Sources */,
				8438B47C24236F4600E39464 /* URLSetting.swift in Sources */,
				84D13AFB2474E11B005515E3 /* APIAuthentication.swift in Sources */,
				849DBC8A241B3EE30026E23B /* AppSession.swift in Sources */,
				84D225F324568D0000A10695 /* PlaceholderTextView.swift in Sources */,
				84D225CF2456742000A10695 /* Optional+Extension.swift in Sources */,
				8423D06F246BE9F100524716 /* API+Login.swift in Sources */,
				84C55FE9242AEB5D0050DA53 /* IssuePriority.swift in Sources */,
				84C3234E242B6572007CB0CD /* IssueReporter.swift in Sources */,
				84EBD3812457E8FF00C29434 /* IssueStatusListView.swift in Sources */,
				8475B7AB24517BEF0087CD69 /* IssueAPI+IssueType.swift in Sources */,
				84E2EDF524503C0A00D5B5C8 /* IssueDetailModel+IssueType.swift in Sources */,
				8420AFE324542E28007E6B6B /* IssueTitleDescriptionView.swift in Sources */,
				84CA9D4424586B27004C50F9 /* IssueAPI+IssuePriority.swift in Sources */,
				84741C222420B1B9004F3663 /* MetaData.swift in Sources */,
				840A0106245965D3000C53CB /* IssueAssigneeListView.swift in Sources */,
				84ABCA482456ECE300BA6A45 /* ErrorView.swift in Sources */,
				8492CCCF24299DC1001D76DE /* SearchView.swift in Sources */,
				8425B9EF2424C5F500AB9E98 /* View+Extension.swift in Sources */,
				840F269824187C0B0085FBA6 /* ContentView.swift in Sources */,
				840B052C242DAFFF00E30ED4 /* IssueTypeListModel.swift in Sources */,
				840F26B52418CBEE0085FBA6 /* ProjectView.swift in Sources */,
				84741C202420B1A1004F3663 /* Entry.swift in Sources */,
				840F26B72418DA8B0085FBA6 /* APIRequest.swift in Sources */,
				84C55FF3242B0EA00050DA53 /* IssueProjectRowView.swift in Sources */,
				8430DC9E24318A6300CCD541 /* RefreashableScrollView.swift in Sources */,
				84EBD3852457E94000C29434 /* IssueStatusRowForListView.swift in Sources */,
				848D53A9241B283E00BAB5E6 /* IssueListView.swift in Sources */,
				8417CD1524227A0B0029B7E6 /* ImageModel.swift in Sources */,
				84BBD2D1242C46F500E9A8EF /* IssueDetailModel.swift in Sources */,
				8492CCD82429A75F001D76DE /* CircleProgressView.swift in Sources */,
				84316FAB242B1174002C0350 /* IssueAttachmentRowView.swift in Sources */,
				84C55FEB242AF1910050DA53 /* IssueStatus.swift in Sources */,
				84F6D72C2432F83B00CF28FF /* RefreshableNavigationView.swift in Sources */,
				849DBC91241B68CA0026E23B /* Project.swift in Sources */,
				8480E001242BB00F002F8183 /* PriorityRowView.swift in Sources */,
				8485A7B02452D2580018E5E2 /* NotificationCenter+Extension.swift in Sources */,
				849DBC88241B3AD00026E23B /* MainView.swift in Sources */,
				84C3234C242B6387007CB0CD /* IssueReporterView.swift in Sources */,
				84704080244FE6C20041DFD7 /* RefreshableList.swift in Sources */,
				848D53A5241B17F900BAB5E6 /* InfiniteProgressView.swift in Sources */,
				84ABCA4A2456ECEE00BA6A45 /* ErrorBannerView.swift in Sources */,
				840FDB6C241A381800C395E8 /* URLSessionUploadTask+Extension.swift in Sources */,
				84741C1E2420B021004F3663 /* LoginModel.swift in Sources */,
				84D2846A244A976900623F05 /* TokenManager.swift in Sources */,
				8417CD1124226BA70029B7E6 /* URLImage.swift in Sources */,
				8417CD0F24226A3D0029B7E6 /* ImageLoader.swift in Sources */,
				8480DFFF242BAE26002F8183 /* PriorityListModel.swift in Sources */,
				849AF7D92428FD2F00D00542 /* Issue.swift in Sources */,
				8492CCD224299E54001D76DE /* IssueListModel.swift in Sources */,
				8451D7EE242A642F000C1F56 /* IssueType.swift in Sources */,
				8425B9ED2424C5E800AB9E98 /* UIApplication+Extension.swift in Sources */,
				84C8FD71243DCDB10074FBB5 /* KeyboardAwareModifier.swift in Sources */,
				840A0108245965E6000C53CB /* IssueAssigneeRowForListView.swift in Sources */,
				8417CD13242279DD0029B7E6 /* ImageCache.swift in Sources */,
				8438B47E2423702B00E39464 /* NetworkRequest.swift in Sources */,
				84316FA9242B105D002C0350 /* IssuePriorityRowView.swift in Sources */,
				8492CCD62429A669001D76DE /* LastRowView.swift in Sources */,
				84D2846C244ABA6400623F05 /* UserDefaultKey.swift in Sources */,
				849DBC8C241B3FB90026E23B /* AppState.swift in Sources */,
				84ABC0E824286D9F0083EF34 /* NotFoundView.swift in Sources */,
				84C55FED242AF8730050DA53 /* Extension+UIColor.swift in Sources */,
				84F932F52449A279007F12B8 /* APIError.swift in Sources */,
				84EBD3772457C85000C29434 /* IssueAPI+TitleDescription.swift in Sources */,
				844DF1082429B4B7001E29EB /* BaseListModel.swift in Sources */,
				8423D069246BE75500524716 /* API.swift in Sources */,
				840FDB6A241A370000C395E8 /* URLSession+Extension.swift in Sources */,
				84EBD3832457E90C00C29434 /* IssueStatusListModel.swift in Sources */,
				84D225F124568C9A00A10695 /* TextView.swift in Sources */,
				849DBC86241B32180026E23B /* ViewRouter.swift in Sources */,
				846ECCA82419EDF400C8DFA3 /* User.swift in Sources */,
				84A22DEE244A91ED00A7E4A1 /* Authentication.swift in Sources */,
				84CA9D4224580E49004C50F9 /* IssueAPI+IssueStatus.swift in Sources */,
				840B0532242DB2C400E30ED4 /* IssueTypeRowForListView.swift in Sources */,
				8492CCCD242995CB001D76DE /* IssueRowView.swift in Sources */,
				84EBD3752457C43600C29434 /* TitleDescriptionModel.swift in Sources */,
			);
			runOnlyForDeploymentPostprocessing = 0;
		};
		840FDB53241A27E000C395E8 /* Sources */ = {
			isa = PBXSourcesBuildPhase;
			buildActionMask = 2147483647;
			files = (
				84531C26247627CE005CC6AA /* JSONDecoder_DateDecodingStrategy+Extension.swift in Sources */,
				84D2846E244ABADF00623F05 /* TestAuthentication.swift in Sources */,
				8423D067246BDFEA00524716 /* URLProtocolMock.swift in Sources */,
				84D13AFD2474E90D005515E3 /* Mock.swift in Sources */,
				84531C2424761C0A005CC6AA /* APITest.swift in Sources */,
				84596D482477810D00D3A2AD /* TokenManagerTest.swift in Sources */,
				84D13AFF2474E94A005515E3 /* Fixture.swift in Sources */,
				84FCDD65247B6AFA00CFDEFC /* PublisherHelper.swift in Sources */,
				84531C2824762FA0005CC6AA /* JSONDecoder_KeyDecodingStrategy+Extension.swift in Sources */,
			);
			runOnlyForDeploymentPostprocessing = 0;
		};
/* End PBXSourcesBuildPhase section */

/* Begin PBXTargetDependency section */
		840FDB5D241A27E000C395E8 /* PBXTargetDependency */ = {
			isa = PBXTargetDependency;
			target = 840F268F24187C0B0085FBA6 /* Agile Board Team */;
			targetProxy = 840FDB5C241A27E000C395E8 /* PBXContainerItemProxy */;
		};
/* End PBXTargetDependency section */

/* Begin PBXVariantGroup section */
		840F269E24187C0D0085FBA6 /* LaunchScreen.storyboard */ = {
			isa = PBXVariantGroup;
			children = (
				840F269F24187C0D0085FBA6 /* Base */,
			);
			name = LaunchScreen.storyboard;
			sourceTree = "<group>";
		};
/* End PBXVariantGroup section */

/* Begin XCBuildConfiguration section */
		840F26A224187C0D0085FBA6 /* Debug */ = {
			isa = XCBuildConfiguration;
			buildSettings = {
				ALWAYS_SEARCH_USER_PATHS = NO;
				CLANG_ANALYZER_NONNULL = YES;
				CLANG_ANALYZER_NUMBER_OBJECT_CONVERSION = YES_AGGRESSIVE;
				CLANG_CXX_LANGUAGE_STANDARD = "gnu++14";
				CLANG_CXX_LIBRARY = "libc++";
				CLANG_ENABLE_MODULES = YES;
				CLANG_ENABLE_OBJC_ARC = YES;
				CLANG_ENABLE_OBJC_WEAK = YES;
				CLANG_WARN_BLOCK_CAPTURE_AUTORELEASING = YES;
				CLANG_WARN_BOOL_CONVERSION = YES;
				CLANG_WARN_COMMA = YES;
				CLANG_WARN_CONSTANT_CONVERSION = YES;
				CLANG_WARN_DEPRECATED_OBJC_IMPLEMENTATIONS = YES;
				CLANG_WARN_DIRECT_OBJC_ISA_USAGE = YES_ERROR;
				CLANG_WARN_DOCUMENTATION_COMMENTS = YES;
				CLANG_WARN_EMPTY_BODY = YES;
				CLANG_WARN_ENUM_CONVERSION = YES;
				CLANG_WARN_INFINITE_RECURSION = YES;
				CLANG_WARN_INT_CONVERSION = YES;
				CLANG_WARN_NON_LITERAL_NULL_CONVERSION = YES;
				CLANG_WARN_OBJC_IMPLICIT_RETAIN_SELF = YES;
				CLANG_WARN_OBJC_LITERAL_CONVERSION = YES;
				CLANG_WARN_OBJC_ROOT_CLASS = YES_ERROR;
				CLANG_WARN_RANGE_LOOP_ANALYSIS = YES;
				CLANG_WARN_STRICT_PROTOTYPES = YES;
				CLANG_WARN_SUSPICIOUS_MOVE = YES;
				CLANG_WARN_UNGUARDED_AVAILABILITY = YES_AGGRESSIVE;
				CLANG_WARN_UNREACHABLE_CODE = YES;
				CLANG_WARN__DUPLICATE_METHOD_MATCH = YES;
				COPY_PHASE_STRIP = NO;
				DEBUG_INFORMATION_FORMAT = dwarf;
				ENABLE_STRICT_OBJC_MSGSEND = YES;
				ENABLE_TESTABILITY = YES;
				GCC_C_LANGUAGE_STANDARD = gnu11;
				GCC_DYNAMIC_NO_PIC = NO;
				GCC_NO_COMMON_BLOCKS = YES;
				GCC_OPTIMIZATION_LEVEL = 0;
				GCC_PREPROCESSOR_DEFINITIONS = (
					"DEBUG=1",
					"$(inherited)",
				);
				GCC_WARN_64_TO_32_BIT_CONVERSION = YES;
				GCC_WARN_ABOUT_RETURN_TYPE = YES_ERROR;
				GCC_WARN_UNDECLARED_SELECTOR = YES;
				GCC_WARN_UNINITIALIZED_AUTOS = YES_AGGRESSIVE;
				GCC_WARN_UNUSED_FUNCTION = YES;
				GCC_WARN_UNUSED_VARIABLE = YES;
				IPHONEOS_DEPLOYMENT_TARGET = 13.2;
				MTL_ENABLE_DEBUG_INFO = INCLUDE_SOURCE;
				MTL_FAST_MATH = YES;
				ONLY_ACTIVE_ARCH = YES;
				SDKROOT = iphoneos;
				SWIFT_ACTIVE_COMPILATION_CONDITIONS = DEBUG;
				SWIFT_OPTIMIZATION_LEVEL = "-Onone";
			};
			name = Debug;
		};
		840F26A324187C0D0085FBA6 /* Release */ = {
			isa = XCBuildConfiguration;
			buildSettings = {
				ALWAYS_SEARCH_USER_PATHS = NO;
				CLANG_ANALYZER_NONNULL = YES;
				CLANG_ANALYZER_NUMBER_OBJECT_CONVERSION = YES_AGGRESSIVE;
				CLANG_CXX_LANGUAGE_STANDARD = "gnu++14";
				CLANG_CXX_LIBRARY = "libc++";
				CLANG_ENABLE_MODULES = YES;
				CLANG_ENABLE_OBJC_ARC = YES;
				CLANG_ENABLE_OBJC_WEAK = YES;
				CLANG_WARN_BLOCK_CAPTURE_AUTORELEASING = YES;
				CLANG_WARN_BOOL_CONVERSION = YES;
				CLANG_WARN_COMMA = YES;
				CLANG_WARN_CONSTANT_CONVERSION = YES;
				CLANG_WARN_DEPRECATED_OBJC_IMPLEMENTATIONS = YES;
				CLANG_WARN_DIRECT_OBJC_ISA_USAGE = YES_ERROR;
				CLANG_WARN_DOCUMENTATION_COMMENTS = YES;
				CLANG_WARN_EMPTY_BODY = YES;
				CLANG_WARN_ENUM_CONVERSION = YES;
				CLANG_WARN_INFINITE_RECURSION = YES;
				CLANG_WARN_INT_CONVERSION = YES;
				CLANG_WARN_NON_LITERAL_NULL_CONVERSION = YES;
				CLANG_WARN_OBJC_IMPLICIT_RETAIN_SELF = YES;
				CLANG_WARN_OBJC_LITERAL_CONVERSION = YES;
				CLANG_WARN_OBJC_ROOT_CLASS = YES_ERROR;
				CLANG_WARN_RANGE_LOOP_ANALYSIS = YES;
				CLANG_WARN_STRICT_PROTOTYPES = YES;
				CLANG_WARN_SUSPICIOUS_MOVE = YES;
				CLANG_WARN_UNGUARDED_AVAILABILITY = YES_AGGRESSIVE;
				CLANG_WARN_UNREACHABLE_CODE = YES;
				CLANG_WARN__DUPLICATE_METHOD_MATCH = YES;
				COPY_PHASE_STRIP = NO;
				DEBUG_INFORMATION_FORMAT = "dwarf-with-dsym";
				ENABLE_NS_ASSERTIONS = NO;
				ENABLE_STRICT_OBJC_MSGSEND = YES;
				ENABLE_TESTABILITY = NO;
				GCC_C_LANGUAGE_STANDARD = gnu11;
				GCC_NO_COMMON_BLOCKS = YES;
				GCC_WARN_64_TO_32_BIT_CONVERSION = YES;
				GCC_WARN_ABOUT_RETURN_TYPE = YES_ERROR;
				GCC_WARN_UNDECLARED_SELECTOR = YES;
				GCC_WARN_UNINITIALIZED_AUTOS = YES_AGGRESSIVE;
				GCC_WARN_UNUSED_FUNCTION = YES;
				GCC_WARN_UNUSED_VARIABLE = YES;
				IPHONEOS_DEPLOYMENT_TARGET = 13.2;
				MTL_ENABLE_DEBUG_INFO = NO;
				MTL_FAST_MATH = YES;
				SDKROOT = iphoneos;
				SWIFT_COMPILATION_MODE = wholemodule;
				SWIFT_OPTIMIZATION_LEVEL = "-O";
				VALIDATE_PRODUCT = YES;
			};
			name = Release;
		};
		840F26A524187C0D0085FBA6 /* Debug */ = {
			isa = XCBuildConfiguration;
			buildSettings = {
				ASSETCATALOG_COMPILER_APPICON_NAME = AppIcon;
				CODE_SIGN_ENTITLEMENTS = "Agile Board Team/Agile Board Team.entitlements";
				"CODE_SIGN_IDENTITY[sdk=macosx*]" = "-";
				CODE_SIGN_STYLE = Automatic;
				DERIVE_MACCATALYST_PRODUCT_BUNDLE_IDENTIFIER = YES;
				DEVELOPMENT_ASSET_PATHS = "\"Agile Board Team/Preview Content\"";
				DEVELOPMENT_TEAM = 9RUFVFAF79;
				ENABLE_PREVIEWS = YES;
				INFOPLIST_FILE = "Agile Board Team/Info.plist";
				IPHONEOS_DEPLOYMENT_TARGET = 13.2;
				LD_RUNPATH_SEARCH_PATHS = (
					"$(inherited)",
					"@executable_path/Frameworks",
				);
				PRODUCT_BUNDLE_IDENTIFIER = "filesoft.co.Agile-Board-Team";
				PRODUCT_NAME = "$(TARGET_NAME)";
				SUPPORTS_MACCATALYST = YES;
				SWIFT_VERSION = 5.0;
				TARGETED_DEVICE_FAMILY = "1,2";
			};
			name = Debug;
		};
		840F26A624187C0D0085FBA6 /* Release */ = {
			isa = XCBuildConfiguration;
			buildSettings = {
				ASSETCATALOG_COMPILER_APPICON_NAME = AppIcon;
				CODE_SIGN_ENTITLEMENTS = "Agile Board Team/Agile Board Team.entitlements";
				"CODE_SIGN_IDENTITY[sdk=macosx*]" = "-";
				CODE_SIGN_STYLE = Automatic;
				DERIVE_MACCATALYST_PRODUCT_BUNDLE_IDENTIFIER = YES;
				DEVELOPMENT_ASSET_PATHS = "\"Agile Board Team/Preview Content\"";
				DEVELOPMENT_TEAM = 9RUFVFAF79;
				ENABLE_PREVIEWS = YES;
				INFOPLIST_FILE = "Agile Board Team/Info.plist";
				IPHONEOS_DEPLOYMENT_TARGET = 13.2;
				LD_RUNPATH_SEARCH_PATHS = (
					"$(inherited)",
					"@executable_path/Frameworks",
				);
				PRODUCT_BUNDLE_IDENTIFIER = "filesoft.co.Agile-Board-Team";
				PRODUCT_NAME = "$(TARGET_NAME)";
				SUPPORTS_MACCATALYST = YES;
				SWIFT_VERSION = 5.0;
				TARGETED_DEVICE_FAMILY = "1,2";
			};
			name = Release;
		};
		840FDB5E241A27E000C395E8 /* Debug */ = {
			isa = XCBuildConfiguration;
			buildSettings = {
				BUNDLE_LOADER = "$(TEST_HOST)";
				CLANG_ENABLE_MODULES = YES;
				CODE_SIGN_STYLE = Automatic;
				DEVELOPMENT_TEAM = 9RUFVFAF79;
				INFOPLIST_FILE = "Agile Board TeamTests/Info.plist";
				LD_RUNPATH_SEARCH_PATHS = (
					"$(inherited)",
					"@executable_path/Frameworks",
					"@loader_path/Frameworks",
				);
				PRODUCT_BUNDLE_IDENTIFIER = "filesoft.co.Agile-Board-TeamTests";
				PRODUCT_NAME = "$(TARGET_NAME)";
				SWIFT_OBJC_BRIDGING_HEADER = "Agile Board TeamTests-Bridging-Header.h";
				SWIFT_OPTIMIZATION_LEVEL = "-Onone";
				SWIFT_VERSION = 5.0;
				TARGETED_DEVICE_FAMILY = "1,2";
				TEST_HOST = "$(BUILT_PRODUCTS_DIR)/Agile Board Team.app/Agile Board Team";
			};
			name = Debug;
		};
		840FDB5F241A27E000C395E8 /* Release */ = {
			isa = XCBuildConfiguration;
			buildSettings = {
				BUNDLE_LOADER = "$(TEST_HOST)";
				CLANG_ENABLE_MODULES = YES;
				CODE_SIGN_STYLE = Automatic;
				DEVELOPMENT_TEAM = 9RUFVFAF79;
				INFOPLIST_FILE = "Agile Board TeamTests/Info.plist";
				LD_RUNPATH_SEARCH_PATHS = (
					"$(inherited)",
					"@executable_path/Frameworks",
					"@loader_path/Frameworks",
				);
				PRODUCT_BUNDLE_IDENTIFIER = "filesoft.co.Agile-Board-TeamTests";
				PRODUCT_NAME = "$(TARGET_NAME)";
				SWIFT_OBJC_BRIDGING_HEADER = "Agile Board TeamTests-Bridging-Header.h";
				SWIFT_VERSION = 5.0;
				TARGETED_DEVICE_FAMILY = "1,2";
				TEST_HOST = "$(BUILT_PRODUCTS_DIR)/Agile Board Team.app/Agile Board Team";
			};
			name = Release;
		};
/* End XCBuildConfiguration section */

/* Begin XCConfigurationList section */
		840F268B24187C0B0085FBA6 /* Build configuration list for PBXProject "Agile Board Team" */ = {
			isa = XCConfigurationList;
			buildConfigurations = (
				840F26A224187C0D0085FBA6 /* Debug */,
				840F26A324187C0D0085FBA6 /* Release */,
			);
			defaultConfigurationIsVisible = 0;
			defaultConfigurationName = Release;
		};
		840F26A424187C0D0085FBA6 /* Build configuration list for PBXNativeTarget "Agile Board Team" */ = {
			isa = XCConfigurationList;
			buildConfigurations = (
				840F26A524187C0D0085FBA6 /* Debug */,
				840F26A624187C0D0085FBA6 /* Release */,
			);
			defaultConfigurationIsVisible = 0;
			defaultConfigurationName = Release;
		};
		840FDB60241A27E000C395E8 /* Build configuration list for PBXNativeTarget "Agile Board TeamTests" */ = {
			isa = XCConfigurationList;
			buildConfigurations = (
				840FDB5E241A27E000C395E8 /* Debug */,
				840FDB5F241A27E000C395E8 /* Release */,
			);
			defaultConfigurationIsVisible = 0;
			defaultConfigurationName = Release;
		};
/* End XCConfigurationList section */

/* Begin XCRemoteSwiftPackageReference section */
		84E2EDF12450379F00D5B5C8 /* XCRemoteSwiftPackageReference "RefreshableList" */ = {
			isa = XCRemoteSwiftPackageReference;
			repositoryURL = "https://github.com/phuhuynh2411/RefreshableList.git";
			requirement = {
				branch = master;
				kind = branch;
			};
		};
		84EBD3782457DEA500C29434 /* XCRemoteSwiftPackageReference "PartialSheet" */ = {
			isa = XCRemoteSwiftPackageReference;
			repositoryURL = "https://github.com/AndreaMiotto/PartialSheet.git";
			requirement = {
				kind = upToNextMajorVersion;
				minimumVersion = 1.0.3;
			};
		};
/* End XCRemoteSwiftPackageReference section */

/* Begin XCSwiftPackageProductDependency section */
		84E2EDF22450379F00D5B5C8 /* RefreshableList */ = {
			isa = XCSwiftPackageProductDependency;
			package = 84E2EDF12450379F00D5B5C8 /* XCRemoteSwiftPackageReference "RefreshableList" */;
			productName = RefreshableList;
		};
		84EBD3792457DEA500C29434 /* PartialSheet */ = {
			isa = XCSwiftPackageProductDependency;
			package = 84EBD3782457DEA500C29434 /* XCRemoteSwiftPackageReference "PartialSheet" */;
			productName = PartialSheet;
		};
/* End XCSwiftPackageProductDependency section */
	};
	rootObject = 840F268824187C0B0085FBA6 /* Project object */;
}
