// !$*UTF8*$!
{
	archiveVersion = 1;
	classes = {
	};
	objectVersion = 52;
	objects = {

/* Begin PBXBuildFile section */
		840F269424187C0B0085FBA6 /* AppDelegate.swift in Sources */ = {isa = PBXBuildFile; fileRef = 840F269324187C0B0085FBA6 /* AppDelegate.swift */; };
		840F269624187C0B0085FBA6 /* SceneDelegate.swift in Sources */ = {isa = PBXBuildFile; fileRef = 840F269524187C0B0085FBA6 /* SceneDelegate.swift */; };
		840F269824187C0B0085FBA6 /* ContentView.swift in Sources */ = {isa = PBXBuildFile; fileRef = 840F269724187C0B0085FBA6 /* ContentView.swift */; };
		840F269A24187C0D0085FBA6 /* Assets.xcassets in Resources */ = {isa = PBXBuildFile; fileRef = 840F269924187C0D0085FBA6 /* Assets.xcassets */; };
		840F269D24187C0D0085FBA6 /* Preview Assets.xcassets in Resources */ = {isa = PBXBuildFile; fileRef = 840F269C24187C0D0085FBA6 /* Preview Assets.xcassets */; };
		840F26A024187C0D0085FBA6 /* LaunchScreen.storyboard in Resources */ = {isa = PBXBuildFile; fileRef = 840F269E24187C0D0085FBA6 /* LaunchScreen.storyboard */; };
		840F26A924187C3B0085FBA6 /* LoginView.swift in Sources */ = {isa = PBXBuildFile; fileRef = 840F26A824187C3B0085FBA6 /* LoginView.swift */; };
		840F26AB2418842D0085FBA6 /* AppTheme.swift in Sources */ = {isa = PBXBuildFile; fileRef = 840F26AA2418842D0085FBA6 /* AppTheme.swift */; };
		840F26AE24188B490085FBA6 /* Extension+Color.swift in Sources */ = {isa = PBXBuildFile; fileRef = 840F26AD24188B490085FBA6 /* Extension+Color.swift */; };
		840F26B52418CBEE0085FBA6 /* ProjectView.swift in Sources */ = {isa = PBXBuildFile; fileRef = 840F26B42418CBED0085FBA6 /* ProjectView.swift */; };
		840F26B72418DA8B0085FBA6 /* APIRequest.swift in Sources */ = {isa = PBXBuildFile; fileRef = 840F26B62418DA8B0085FBA6 /* APIRequest.swift */; };
		840F26B92418DEE40085FBA6 /* Demo in Resources */ = {isa = PBXBuildFile; fileRef = 840F26B82418DEE40085FBA6 /* Demo */; };
		840F26BB24193F0E0085FBA6 /* LoginSucceeded.json in Resources */ = {isa = PBXBuildFile; fileRef = 840F26BA24193F0E0085FBA6 /* LoginSucceeded.json */; };
		840FDB68241A2AB600C395E8 /* LoginError2.json in Resources */ = {isa = PBXBuildFile; fileRef = 840FDB67241A2AB600C395E8 /* LoginError2.json */; };
		840FDB6A241A370000C395E8 /* URLSession+Extension.swift in Sources */ = {isa = PBXBuildFile; fileRef = 840FDB69241A370000C395E8 /* URLSession+Extension.swift */; };
		840FDB6C241A381800C395E8 /* URLSessionUploadTask+Extension.swift in Sources */ = {isa = PBXBuildFile; fileRef = 840FDB6B241A381800C395E8 /* URLSessionUploadTask+Extension.swift */; };
		8417CD0F24226A3D0029B7E6 /* ImageLoader.swift in Sources */ = {isa = PBXBuildFile; fileRef = 8417CD0E24226A3D0029B7E6 /* ImageLoader.swift */; };
		8417CD1124226BA70029B7E6 /* URLImage.swift in Sources */ = {isa = PBXBuildFile; fileRef = 8417CD1024226BA70029B7E6 /* URLImage.swift */; };
		8417CD13242279DD0029B7E6 /* ImageCache.swift in Sources */ = {isa = PBXBuildFile; fileRef = 8417CD12242279DD0029B7E6 /* ImageCache.swift */; };
		8417CD1524227A0B0029B7E6 /* ImageModel.swift in Sources */ = {isa = PBXBuildFile; fileRef = 8417CD1424227A0B0029B7E6 /* ImageModel.swift */; };
		8417CD1724227A480029B7E6 /* RemoteImage.swift in Sources */ = {isa = PBXBuildFile; fileRef = 8417CD1624227A480029B7E6 /* RemoteImage.swift */; };
		84204959241A7A9E001FE724 /* URLSessionMock.swift in Sources */ = {isa = PBXBuildFile; fileRef = 84204958241A7A9E001FE724 /* URLSessionMock.swift */; };
		8420495C241A7AE6001FE724 /* MockURLSessionUploadTask.swift in Sources */ = {isa = PBXBuildFile; fileRef = 8420495B241A7AE6001FE724 /* MockURLSessionUploadTask.swift */; };
		8421319724237466008716FE /* NetworkModel.swift in Sources */ = {isa = PBXBuildFile; fileRef = 8421319624237466008716FE /* NetworkModel.swift */; };
		8438B47C24236F4600E39464 /* URLSetting.swift in Sources */ = {isa = PBXBuildFile; fileRef = 8438B47B24236F4600E39464 /* URLSetting.swift */; };
		8438B47E2423702B00E39464 /* NetworkRequest.swift in Sources */ = {isa = PBXBuildFile; fileRef = 8438B47D2423702B00E39464 /* NetworkRequest.swift */; };
		843C34D1242311CC00C112F9 /* TestList.swift in Sources */ = {isa = PBXBuildFile; fileRef = 843C34D0242311CC00C112F9 /* TestList.swift */; };
		846ECCA52419BF7600C8DFA3 /* LoginError1.json in Resources */ = {isa = PBXBuildFile; fileRef = 846ECCA42419BF7600C8DFA3 /* LoginError1.json */; };
		846ECCA82419EDF400C8DFA3 /* User.swift in Sources */ = {isa = PBXBuildFile; fileRef = 846ECCA72419EDF400C8DFA3 /* User.swift */; };
		846ECCAA2419F05000C8DFA3 /* APILoginRequest.swift in Sources */ = {isa = PBXBuildFile; fileRef = 846ECCA92419F05000C8DFA3 /* APILoginRequest.swift */; };
		84741C1E2420B021004F3663 /* LoginModel.swift in Sources */ = {isa = PBXBuildFile; fileRef = 84741C1D2420B021004F3663 /* LoginModel.swift */; };
		84741C202420B1A1004F3663 /* Entry.swift in Sources */ = {isa = PBXBuildFile; fileRef = 84741C1F2420B1A1004F3663 /* Entry.swift */; };
		84741C222420B1B9004F3663 /* MetaData.swift in Sources */ = {isa = PBXBuildFile; fileRef = 84741C212420B1B9004F3663 /* MetaData.swift */; };
		848D53A5241B17F900BAB5E6 /* InfiniteProgressView.swift in Sources */ = {isa = PBXBuildFile; fileRef = 848D53A4241B17F800BAB5E6 /* InfiniteProgressView.swift */; };
		848D53A9241B283E00BAB5E6 /* IssueListView.swift in Sources */ = {isa = PBXBuildFile; fileRef = 848D53A8241B283E00BAB5E6 /* IssueListView.swift */; };
		848D53AB241B285100BAB5E6 /* SettingView.swift in Sources */ = {isa = PBXBuildFile; fileRef = 848D53AA241B285100BAB5E6 /* SettingView.swift */; };
		849DBC86241B32180026E23B /* ViewRouter.swift in Sources */ = {isa = PBXBuildFile; fileRef = 849DBC85241B32180026E23B /* ViewRouter.swift */; };
		849DBC88241B3AD00026E23B /* MainView.swift in Sources */ = {isa = PBXBuildFile; fileRef = 849DBC87241B3AD00026E23B /* MainView.swift */; };
		849DBC8A241B3EE30026E23B /* AppSession.swift in Sources */ = {isa = PBXBuildFile; fileRef = 849DBC89241B3EE30026E23B /* AppSession.swift */; };
		849DBC8C241B3FB90026E23B /* AppState.swift in Sources */ = {isa = PBXBuildFile; fileRef = 849DBC8B241B3FB90026E23B /* AppState.swift */; };
		849DBC8F241B683E0026E23B /* projects.json in Resources */ = {isa = PBXBuildFile; fileRef = 849DBC8E241B683E0026E23B /* projects.json */; };
		849DBC91241B68CA0026E23B /* Project.swift in Sources */ = {isa = PBXBuildFile; fileRef = 849DBC90241B68CA0026E23B /* Project.swift */; };
		849DBC93241B6A280026E23B /* Data.swift in Sources */ = {isa = PBXBuildFile; fileRef = 849DBC92241B6A280026E23B /* Data.swift */; };
		849DBC95241B6A820026E23B /* ProjectListView.swift in Sources */ = {isa = PBXBuildFile; fileRef = 849DBC94241B6A820026E23B /* ProjectListView.swift */; };
		849DBC97241B6AA30026E23B /* ProjectRowView.swift in Sources */ = {isa = PBXBuildFile; fileRef = 849DBC96241B6AA30026E23B /* ProjectRowView.swift */; };
		849DBC9D241B88D20026E23B /* SwiftUIRefresh in Frameworks */ = {isa = PBXBuildFile; productRef = 849DBC9C241B88D20026E23B /* SwiftUIRefresh */; };
		849DBC9F241B8DEF0026E23B /* ProjectListModel.swift in Sources */ = {isa = PBXBuildFile; fileRef = 849DBC9E241B8DEF0026E23B /* ProjectListModel.swift */; };
		84B6E5F72421DC5600DD92C8 /* BaseViewModel.swift in Sources */ = {isa = PBXBuildFile; fileRef = 84B6E5F62421DC5600DD92C8 /* BaseViewModel.swift */; };
		84FFDD3924221A00008EA929 /* ErrorBannerView.swift in Sources */ = {isa = PBXBuildFile; fileRef = 84FFDD3724221A00008EA929 /* ErrorBannerView.swift */; };
		84FFDD3A24221A00008EA929 /* ErrorView.swift in Sources */ = {isa = PBXBuildFile; fileRef = 84FFDD3824221A00008EA929 /* ErrorView.swift */; };
/* End PBXBuildFile section */

/* Begin PBXContainerItemProxy section */
		840FDB5C241A27E000C395E8 /* PBXContainerItemProxy */ = {
			isa = PBXContainerItemProxy;
			containerPortal = 840F268824187C0B0085FBA6 /* Project object */;
			proxyType = 1;
			remoteGlobalIDString = 840F268F24187C0B0085FBA6;
			remoteInfo = "Agile Board Team";
		};
/* End PBXContainerItemProxy section */

/* Begin PBXFileReference section */
		840F269024187C0B0085FBA6 /* Agile Board Team.app */ = {isa = PBXFileReference; explicitFileType = wrapper.application; includeInIndex = 0; path = "Agile Board Team.app"; sourceTree = BUILT_PRODUCTS_DIR; };
		840F269324187C0B0085FBA6 /* AppDelegate.swift */ = {isa = PBXFileReference; lastKnownFileType = sourcecode.swift; path = AppDelegate.swift; sourceTree = "<group>"; };
		840F269524187C0B0085FBA6 /* SceneDelegate.swift */ = {isa = PBXFileReference; lastKnownFileType = sourcecode.swift; path = SceneDelegate.swift; sourceTree = "<group>"; };
		840F269724187C0B0085FBA6 /* ContentView.swift */ = {isa = PBXFileReference; lastKnownFileType = sourcecode.swift; path = ContentView.swift; sourceTree = "<group>"; };
		840F269924187C0D0085FBA6 /* Assets.xcassets */ = {isa = PBXFileReference; lastKnownFileType = folder.assetcatalog; path = Assets.xcassets; sourceTree = "<group>"; };
		840F269C24187C0D0085FBA6 /* Preview Assets.xcassets */ = {isa = PBXFileReference; lastKnownFileType = folder.assetcatalog; path = "Preview Assets.xcassets"; sourceTree = "<group>"; };
		840F269F24187C0D0085FBA6 /* Base */ = {isa = PBXFileReference; lastKnownFileType = file.storyboard; name = Base; path = Base.lproj/LaunchScreen.storyboard; sourceTree = "<group>"; };
		840F26A124187C0D0085FBA6 /* Info.plist */ = {isa = PBXFileReference; lastKnownFileType = text.plist.xml; path = Info.plist; sourceTree = "<group>"; };
		840F26A824187C3B0085FBA6 /* LoginView.swift */ = {isa = PBXFileReference; lastKnownFileType = sourcecode.swift; path = LoginView.swift; sourceTree = "<group>"; };
		840F26AA2418842D0085FBA6 /* AppTheme.swift */ = {isa = PBXFileReference; lastKnownFileType = sourcecode.swift; path = AppTheme.swift; sourceTree = "<group>"; };
		840F26AD24188B490085FBA6 /* Extension+Color.swift */ = {isa = PBXFileReference; lastKnownFileType = sourcecode.swift; path = "Extension+Color.swift"; sourceTree = "<group>"; };
		840F26AF241893470085FBA6 /* Agile Board Team.entitlements */ = {isa = PBXFileReference; lastKnownFileType = text.plist.entitlements; path = "Agile Board Team.entitlements"; sourceTree = "<group>"; };
		840F26B42418CBED0085FBA6 /* ProjectView.swift */ = {isa = PBXFileReference; lastKnownFileType = sourcecode.swift; path = ProjectView.swift; sourceTree = "<group>"; };
		840F26B62418DA8B0085FBA6 /* APIRequest.swift */ = {isa = PBXFileReference; lastKnownFileType = sourcecode.swift; path = APIRequest.swift; sourceTree = "<group>"; };
		840F26B82418DEE40085FBA6 /* Demo */ = {isa = PBXFileReference; lastKnownFileType = text; path = Demo; sourceTree = "<group>"; };
		840F26BA24193F0E0085FBA6 /* LoginSucceeded.json */ = {isa = PBXFileReference; lastKnownFileType = text.json; path = LoginSucceeded.json; sourceTree = "<group>"; };
		840FDB57241A27E000C395E8 /* Agile Board TeamTests.xctest */ = {isa = PBXFileReference; explicitFileType = wrapper.cfbundle; includeInIndex = 0; path = "Agile Board TeamTests.xctest"; sourceTree = BUILT_PRODUCTS_DIR; };
		840FDB5B241A27E000C395E8 /* Info.plist */ = {isa = PBXFileReference; lastKnownFileType = text.plist.xml; path = Info.plist; sourceTree = "<group>"; };
		840FDB61241A284800C395E8 /* Agile Board TeamTests-Bridging-Header.h */ = {isa = PBXFileReference; lastKnownFileType = sourcecode.c.h; path = "Agile Board TeamTests-Bridging-Header.h"; sourceTree = "<group>"; };
		840FDB67241A2AB600C395E8 /* LoginError2.json */ = {isa = PBXFileReference; lastKnownFileType = text.json; path = LoginError2.json; sourceTree = "<group>"; };
		840FDB69241A370000C395E8 /* URLSession+Extension.swift */ = {isa = PBXFileReference; lastKnownFileType = sourcecode.swift; path = "URLSession+Extension.swift"; sourceTree = "<group>"; };
		840FDB6B241A381800C395E8 /* URLSessionUploadTask+Extension.swift */ = {isa = PBXFileReference; lastKnownFileType = sourcecode.swift; path = "URLSessionUploadTask+Extension.swift"; sourceTree = "<group>"; };
		8417CD0E24226A3D0029B7E6 /* ImageLoader.swift */ = {isa = PBXFileReference; lastKnownFileType = sourcecode.swift; path = ImageLoader.swift; sourceTree = "<group>"; };
		8417CD1024226BA70029B7E6 /* URLImage.swift */ = {isa = PBXFileReference; lastKnownFileType = sourcecode.swift; path = URLImage.swift; sourceTree = "<group>"; };
		8417CD12242279DD0029B7E6 /* ImageCache.swift */ = {isa = PBXFileReference; lastKnownFileType = sourcecode.swift; path = ImageCache.swift; sourceTree = "<group>"; };
		8417CD1424227A0B0029B7E6 /* ImageModel.swift */ = {isa = PBXFileReference; lastKnownFileType = sourcecode.swift; path = ImageModel.swift; sourceTree = "<group>"; };
		8417CD1624227A480029B7E6 /* RemoteImage.swift */ = {isa = PBXFileReference; lastKnownFileType = sourcecode.swift; path = RemoteImage.swift; sourceTree = "<group>"; };
		84204958241A7A9E001FE724 /* URLSessionMock.swift */ = {isa = PBXFileReference; fileEncoding = 4; lastKnownFileType = sourcecode.swift; path = URLSessionMock.swift; sourceTree = "<group>"; };
		8420495B241A7AE6001FE724 /* MockURLSessionUploadTask.swift */ = {isa = PBXFileReference; lastKnownFileType = sourcecode.swift; path = MockURLSessionUploadTask.swift; sourceTree = "<group>"; };
		8421319624237466008716FE /* NetworkModel.swift */ = {isa = PBXFileReference; lastKnownFileType = sourcecode.swift; path = NetworkModel.swift; sourceTree = "<group>"; };
		8438B47B24236F4600E39464 /* URLSetting.swift */ = {isa = PBXFileReference; lastKnownFileType = sourcecode.swift; path = URLSetting.swift; sourceTree = "<group>"; };
		8438B47D2423702B00E39464 /* NetworkRequest.swift */ = {isa = PBXFileReference; lastKnownFileType = sourcecode.swift; path = NetworkRequest.swift; sourceTree = "<group>"; };
		843C34D0242311CC00C112F9 /* TestList.swift */ = {isa = PBXFileReference; lastKnownFileType = sourcecode.swift; path = TestList.swift; sourceTree = "<group>"; };
		846ECCA42419BF7600C8DFA3 /* LoginError1.json */ = {isa = PBXFileReference; lastKnownFileType = text.json; path = LoginError1.json; sourceTree = "<group>"; };
		846ECCA72419EDF400C8DFA3 /* User.swift */ = {isa = PBXFileReference; lastKnownFileType = sourcecode.swift; path = User.swift; sourceTree = "<group>"; };
		846ECCA92419F05000C8DFA3 /* APILoginRequest.swift */ = {isa = PBXFileReference; lastKnownFileType = sourcecode.swift; path = APILoginRequest.swift; sourceTree = "<group>"; };
		84741C1D2420B021004F3663 /* LoginModel.swift */ = {isa = PBXFileReference; lastKnownFileType = sourcecode.swift; path = LoginModel.swift; sourceTree = "<group>"; };
		84741C1F2420B1A1004F3663 /* Entry.swift */ = {isa = PBXFileReference; lastKnownFileType = sourcecode.swift; path = Entry.swift; sourceTree = "<group>"; };
		84741C212420B1B9004F3663 /* MetaData.swift */ = {isa = PBXFileReference; lastKnownFileType = sourcecode.swift; path = MetaData.swift; sourceTree = "<group>"; };
		848D53A4241B17F800BAB5E6 /* InfiniteProgressView.swift */ = {isa = PBXFileReference; lastKnownFileType = sourcecode.swift; path = InfiniteProgressView.swift; sourceTree = "<group>"; };
		848D53A8241B283E00BAB5E6 /* IssueListView.swift */ = {isa = PBXFileReference; lastKnownFileType = sourcecode.swift; path = IssueListView.swift; sourceTree = "<group>"; };
		848D53AA241B285100BAB5E6 /* SettingView.swift */ = {isa = PBXFileReference; lastKnownFileType = sourcecode.swift; path = SettingView.swift; sourceTree = "<group>"; };
		849DBC85241B32180026E23B /* ViewRouter.swift */ = {isa = PBXFileReference; lastKnownFileType = sourcecode.swift; path = ViewRouter.swift; sourceTree = "<group>"; };
		849DBC87241B3AD00026E23B /* MainView.swift */ = {isa = PBXFileReference; lastKnownFileType = sourcecode.swift; path = MainView.swift; sourceTree = "<group>"; };
		849DBC89241B3EE30026E23B /* AppSession.swift */ = {isa = PBXFileReference; lastKnownFileType = sourcecode.swift; path = AppSession.swift; sourceTree = "<group>"; };
		849DBC8B241B3FB90026E23B /* AppState.swift */ = {isa = PBXFileReference; lastKnownFileType = sourcecode.swift; path = AppState.swift; sourceTree = "<group>"; };
		849DBC8E241B683E0026E23B /* projects.json */ = {isa = PBXFileReference; lastKnownFileType = text.json; path = projects.json; sourceTree = "<group>"; };
		849DBC90241B68CA0026E23B /* Project.swift */ = {isa = PBXFileReference; lastKnownFileType = sourcecode.swift; path = Project.swift; sourceTree = "<group>"; };
		849DBC92241B6A280026E23B /* Data.swift */ = {isa = PBXFileReference; fileEncoding = 4; lastKnownFileType = sourcecode.swift; path = Data.swift; sourceTree = "<group>"; };
		849DBC94241B6A820026E23B /* ProjectListView.swift */ = {isa = PBXFileReference; lastKnownFileType = sourcecode.swift; path = ProjectListView.swift; sourceTree = "<group>"; };
		849DBC96241B6AA30026E23B /* ProjectRowView.swift */ = {isa = PBXFileReference; lastKnownFileType = sourcecode.swift; path = ProjectRowView.swift; sourceTree = "<group>"; };
		849DBC9E241B8DEF0026E23B /* ProjectListModel.swift */ = {isa = PBXFileReference; lastKnownFileType = sourcecode.swift; path = ProjectListModel.swift; sourceTree = "<group>"; };
		84B6E5F62421DC5600DD92C8 /* BaseViewModel.swift */ = {isa = PBXFileReference; lastKnownFileType = sourcecode.swift; path = BaseViewModel.swift; sourceTree = "<group>"; };
		84FFDD3724221A00008EA929 /* ErrorBannerView.swift */ = {isa = PBXFileReference; fileEncoding = 4; lastKnownFileType = sourcecode.swift; name = ErrorBannerView.swift; path = "Agile Board Team/Error/ErrorBannerView.swift"; sourceTree = SOURCE_ROOT; };
		84FFDD3824221A00008EA929 /* ErrorView.swift */ = {isa = PBXFileReference; fileEncoding = 4; lastKnownFileType = sourcecode.swift; name = ErrorView.swift; path = "Agile Board Team/Error/ErrorView.swift"; sourceTree = SOURCE_ROOT; };
/* End PBXFileReference section */

/* Begin PBXFrameworksBuildPhase section */
		840F268D24187C0B0085FBA6 /* Frameworks */ = {
			isa = PBXFrameworksBuildPhase;
			buildActionMask = 2147483647;
			files = (
				849DBC9D241B88D20026E23B /* SwiftUIRefresh in Frameworks */,
			);
			runOnlyForDeploymentPostprocessing = 0;
		};
		840FDB54241A27E000C395E8 /* Frameworks */ = {
			isa = PBXFrameworksBuildPhase;
			buildActionMask = 2147483647;
			files = (
			);
			runOnlyForDeploymentPostprocessing = 0;
		};
/* End PBXFrameworksBuildPhase section */

/* Begin PBXGroup section */
		840F268724187C0B0085FBA6 = {
			isa = PBXGroup;
			children = (
				840F269224187C0B0085FBA6 /* Agile Board Team */,
				840FDB58241A27E000C395E8 /* Agile Board TeamTests */,
				840F269124187C0B0085FBA6 /* Products */,
				840FDB61241A284800C395E8 /* Agile Board TeamTests-Bridging-Header.h */,
			);
			sourceTree = "<group>";
		};
		840F269124187C0B0085FBA6 /* Products */ = {
			isa = PBXGroup;
			children = (
				840F269024187C0B0085FBA6 /* Agile Board Team.app */,
				840FDB57241A27E000C395E8 /* Agile Board TeamTests.xctest */,
			);
			name = Products;
			sourceTree = "<group>";
		};
		840F269224187C0B0085FBA6 /* Agile Board Team */ = {
			isa = PBXGroup;
			children = (
				840F26AF241893470085FBA6 /* Agile Board Team.entitlements */,
				840F269324187C0B0085FBA6 /* AppDelegate.swift */,
				840F269524187C0B0085FBA6 /* SceneDelegate.swift */,
				840F269724187C0B0085FBA6 /* ContentView.swift */,
				849DBC85241B32180026E23B /* ViewRouter.swift */,
				840F26AA2418842D0085FBA6 /* AppTheme.swift */,
				849DBC87241B3AD00026E23B /* MainView.swift */,
				849DBC8B241B3FB90026E23B /* AppState.swift */,
				8417CD0E24226A3D0029B7E6 /* ImageLoader.swift */,
				8417CD1024226BA70029B7E6 /* URLImage.swift */,
				8417CD12242279DD0029B7E6 /* ImageCache.swift */,
				8417CD1424227A0B0029B7E6 /* ImageModel.swift */,
				8417CD1624227A480029B7E6 /* RemoteImage.swift */,
				846ECCAB2419F12400C8DFA3 /* API Request */,
				840F26AC24188B3B0085FBA6 /* Extension */,
				84384A6C2422174200C8F492 /* Error */,
				848D53A6241B27C800BAB5E6 /* Progress */,
				840F26A724187C1C0085FBA6 /* Login */,
				848D53A7241B27EA00BAB5E6 /* Project */,
				848D53AC241B285A00BAB5E6 /* Issue */,
				848D53AD241B286500BAB5E6 /* Setting */,
				846ECCA62419EDDD00C8DFA3 /* Model */,
				840F269924187C0D0085FBA6 /* Assets.xcassets */,
				840F269E24187C0D0085FBA6 /* LaunchScreen.storyboard */,
				840F26A124187C0D0085FBA6 /* Info.plist */,
				840F26BC24193F1C0085FBA6 /* Resource */,
				840F269B24187C0D0085FBA6 /* Preview Content */,
				8420495A241A7AB3001FE724 /* Mock */,
			);
			path = "Agile Board Team";
			sourceTree = "<group>";
		};
		840F269B24187C0D0085FBA6 /* Preview Content */ = {
			isa = PBXGroup;
			children = (
				840F269C24187C0D0085FBA6 /* Preview Assets.xcassets */,
			);
			path = "Preview Content";
			sourceTree = "<group>";
		};
		840F26A724187C1C0085FBA6 /* Login */ = {
			isa = PBXGroup;
			children = (
				840F26A824187C3B0085FBA6 /* LoginView.swift */,
				84741C1D2420B021004F3663 /* LoginModel.swift */,
				84B6E5F62421DC5600DD92C8 /* BaseViewModel.swift */,
				8438B47B24236F4600E39464 /* URLSetting.swift */,
				8421319624237466008716FE /* NetworkModel.swift */,
				8438B47D2423702B00E39464 /* NetworkRequest.swift */,
			);
			path = Login;
			sourceTree = "<group>";
		};
		840F26AC24188B3B0085FBA6 /* Extension */ = {
			isa = PBXGroup;
			children = (
				840F26AD24188B490085FBA6 /* Extension+Color.swift */,
				840FDB69241A370000C395E8 /* URLSession+Extension.swift */,
				840FDB6B241A381800C395E8 /* URLSessionUploadTask+Extension.swift */,
			);
			path = Extension;
			sourceTree = "<group>";
		};
		840F26BC24193F1C0085FBA6 /* Resource */ = {
			isa = PBXGroup;
			children = (
				849DBC8D241B68240026E23B /* Project */,
				840FDB66241A2A5600C395E8 /* Login */,
				840F26B82418DEE40085FBA6 /* Demo */,
			);
			path = Resource;
			sourceTree = "<group>";
		};
		840FDB58241A27E000C395E8 /* Agile Board TeamTests */ = {
			isa = PBXGroup;
			children = (
				840FDB5B241A27E000C395E8 /* Info.plist */,
			);
			path = "Agile Board TeamTests";
			sourceTree = "<group>";
		};
		840FDB66241A2A5600C395E8 /* Login */ = {
			isa = PBXGroup;
			children = (
				846ECCA42419BF7600C8DFA3 /* LoginError1.json */,
				840FDB67241A2AB600C395E8 /* LoginError2.json */,
				840F26BA24193F0E0085FBA6 /* LoginSucceeded.json */,
			);
			path = Login;
			sourceTree = "<group>";
		};
		8420495A241A7AB3001FE724 /* Mock */ = {
			isa = PBXGroup;
			children = (
				84204958241A7A9E001FE724 /* URLSessionMock.swift */,
				8420495B241A7AE6001FE724 /* MockURLSessionUploadTask.swift */,
			);
			path = Mock;
			sourceTree = "<group>";
		};
		84384A6C2422174200C8F492 /* Error */ = {
			isa = PBXGroup;
			children = (
				84FFDD3724221A00008EA929 /* ErrorBannerView.swift */,
				84FFDD3824221A00008EA929 /* ErrorView.swift */,
			);
			name = Error;
			path = "Errỏ";
			sourceTree = "<group>";
		};
		846ECCA62419EDDD00C8DFA3 /* Model */ = {
			isa = PBXGroup;
			children = (
				846ECCA72419EDF400C8DFA3 /* User.swift */,
				849DBC89241B3EE30026E23B /* AppSession.swift */,
				849DBC90241B68CA0026E23B /* Project.swift */,
				849DBC92241B6A280026E23B /* Data.swift */,
			);
			path = Model;
			sourceTree = "<group>";
		};
		846ECCAB2419F12400C8DFA3 /* API Request */ = {
			isa = PBXGroup;
			children = (
				840F26B62418DA8B0085FBA6 /* APIRequest.swift */,
				846ECCA92419F05000C8DFA3 /* APILoginRequest.swift */,
				84741C1F2420B1A1004F3663 /* Entry.swift */,
				84741C212420B1B9004F3663 /* MetaData.swift */,
			);
			path = "API Request";
			sourceTree = "<group>";
		};
		848D53A6241B27C800BAB5E6 /* Progress */ = {
			isa = PBXGroup;
			children = (
				848D53A4241B17F800BAB5E6 /* InfiniteProgressView.swift */,
			);
			path = Progress;
			sourceTree = "<group>";
		};
		848D53A7241B27EA00BAB5E6 /* Project */ = {
			isa = PBXGroup;
			children = (
				840F26B42418CBED0085FBA6 /* ProjectView.swift */,
				849DBC94241B6A820026E23B /* ProjectListView.swift */,
				849DBC9E241B8DEF0026E23B /* ProjectListModel.swift */,
				849DBC96241B6AA30026E23B /* ProjectRowView.swift */,
				843C34D0242311CC00C112F9 /* TestList.swift */,
			);
			path = Project;
			sourceTree = "<group>";
		};
		848D53AC241B285A00BAB5E6 /* Issue */ = {
			isa = PBXGroup;
			children = (
				848D53A8241B283E00BAB5E6 /* IssueListView.swift */,
			);
			path = Issue;
			sourceTree = "<group>";
		};
		848D53AD241B286500BAB5E6 /* Setting */ = {
			isa = PBXGroup;
			children = (
				848D53AA241B285100BAB5E6 /* SettingView.swift */,
			);
			path = Setting;
			sourceTree = "<group>";
		};
		849DBC8D241B68240026E23B /* Project */ = {
			isa = PBXGroup;
			children = (
				849DBC8E241B683E0026E23B /* projects.json */,
			);
			path = Project;
			sourceTree = "<group>";
		};
/* End PBXGroup section */

/* Begin PBXNativeTarget section */
		840F268F24187C0B0085FBA6 /* Agile Board Team */ = {
			isa = PBXNativeTarget;
			buildConfigurationList = 840F26A424187C0D0085FBA6 /* Build configuration list for PBXNativeTarget "Agile Board Team" */;
			buildPhases = (
				840F268C24187C0B0085FBA6 /* Sources */,
				840F268D24187C0B0085FBA6 /* Frameworks */,
				840F268E24187C0B0085FBA6 /* Resources */,
			);
			buildRules = (
			);
			dependencies = (
			);
			name = "Agile Board Team";
			packageProductDependencies = (
				849DBC9C241B88D20026E23B /* SwiftUIRefresh */,
			);
			productName = "Agile Board Team";
			productReference = 840F269024187C0B0085FBA6 /* Agile Board Team.app */;
			productType = "com.apple.product-type.application";
		};
		840FDB56241A27E000C395E8 /* Agile Board TeamTests */ = {
			isa = PBXNativeTarget;
			buildConfigurationList = 840FDB60241A27E000C395E8 /* Build configuration list for PBXNativeTarget "Agile Board TeamTests" */;
			buildPhases = (
				840FDB53241A27E000C395E8 /* Sources */,
				840FDB54241A27E000C395E8 /* Frameworks */,
				840FDB55241A27E000C395E8 /* Resources */,
			);
			buildRules = (
			);
			dependencies = (
				840FDB5D241A27E000C395E8 /* PBXTargetDependency */,
			);
			name = "Agile Board TeamTests";
			productName = "Agile Board TeamTests";
			productReference = 840FDB57241A27E000C395E8 /* Agile Board TeamTests.xctest */;
			productType = "com.apple.product-type.bundle.unit-test";
		};
/* End PBXNativeTarget section */

/* Begin PBXProject section */
		840F268824187C0B0085FBA6 /* Project object */ = {
			isa = PBXProject;
			attributes = {
				LastSwiftUpdateCheck = 1130;
				LastUpgradeCheck = 1130;
				ORGANIZATIONNAME = Filesoft;
				TargetAttributes = {
					840F268F24187C0B0085FBA6 = {
						CreatedOnToolsVersion = 11.3.1;
					};
					840FDB56241A27E000C395E8 = {
						CreatedOnToolsVersion = 11.3.1;
						LastSwiftMigration = 1130;
						TestTargetID = 840F268F24187C0B0085FBA6;
					};
				};
			};
			buildConfigurationList = 840F268B24187C0B0085FBA6 /* Build configuration list for PBXProject "Agile Board Team" */;
			compatibilityVersion = "Xcode 9.3";
			developmentRegion = en;
			hasScannedForEncodings = 0;
			knownRegions = (
				en,
				Base,
			);
			mainGroup = 840F268724187C0B0085FBA6;
			packageReferences = (
				849DBC9B241B88D20026E23B /* XCRemoteSwiftPackageReference "SwiftUIRefresh" */,
			);
			productRefGroup = 840F269124187C0B0085FBA6 /* Products */;
			projectDirPath = "";
			projectRoot = "";
			targets = (
				840F268F24187C0B0085FBA6 /* Agile Board Team */,
				840FDB56241A27E000C395E8 /* Agile Board TeamTests */,
			);
		};
/* End PBXProject section */

/* Begin PBXResourcesBuildPhase section */
		840F268E24187C0B0085FBA6 /* Resources */ = {
			isa = PBXResourcesBuildPhase;
			buildActionMask = 2147483647;
			files = (
				846ECCA52419BF7600C8DFA3 /* LoginError1.json in Resources */,
				840F26A024187C0D0085FBA6 /* LaunchScreen.storyboard in Resources */,
				840FDB68241A2AB600C395E8 /* LoginError2.json in Resources */,
				840F26BB24193F0E0085FBA6 /* LoginSucceeded.json in Resources */,
				840F26B92418DEE40085FBA6 /* Demo in Resources */,
				840F269D24187C0D0085FBA6 /* Preview Assets.xcassets in Resources */,
				840F269A24187C0D0085FBA6 /* Assets.xcassets in Resources */,
				849DBC8F241B683E0026E23B /* projects.json in Resources */,
			);
			runOnlyForDeploymentPostprocessing = 0;
		};
		840FDB55241A27E000C395E8 /* Resources */ = {
			isa = PBXResourcesBuildPhase;
			buildActionMask = 2147483647;
			files = (
			);
			runOnlyForDeploymentPostprocessing = 0;
		};
/* End PBXResourcesBuildPhase section */

/* Begin PBXSourcesBuildPhase section */
		840F268C24187C0B0085FBA6 /* Sources */ = {
			isa = PBXSourcesBuildPhase;
			buildActionMask = 2147483647;
			files = (
				84204959241A7A9E001FE724 /* URLSessionMock.swift in Sources */,
				840F269424187C0B0085FBA6 /* AppDelegate.swift in Sources */,
				840F26AE24188B490085FBA6 /* Extension+Color.swift in Sources */,
				8421319724237466008716FE /* NetworkModel.swift in Sources */,
				848D53AB241B285100BAB5E6 /* SettingView.swift in Sources */,
				84B6E5F72421DC5600DD92C8 /* BaseViewModel.swift in Sources */,
				8417CD1724227A480029B7E6 /* RemoteImage.swift in Sources */,
				840F269624187C0B0085FBA6 /* SceneDelegate.swift in Sources */,
				849DBC97241B6AA30026E23B /* ProjectRowView.swift in Sources */,
				849DBC95241B6A820026E23B /* ProjectListView.swift in Sources */,
				849DBC9F241B8DEF0026E23B /* ProjectListModel.swift in Sources */,
				8420495C241A7AE6001FE724 /* MockURLSessionUploadTask.swift in Sources */,
				849DBC93241B6A280026E23B /* Data.swift in Sources */,
				840F26A924187C3B0085FBA6 /* LoginView.swift in Sources */,
				846ECCAA2419F05000C8DFA3 /* APILoginRequest.swift in Sources */,
				8438B47C24236F4600E39464 /* URLSetting.swift in Sources */,
				849DBC8A241B3EE30026E23B /* AppSession.swift in Sources */,
				84FFDD3924221A00008EA929 /* ErrorBannerView.swift in Sources */,
				84741C222420B1B9004F3663 /* MetaData.swift in Sources */,
				840F269824187C0B0085FBA6 /* ContentView.swift in Sources */,
				840F26B52418CBEE0085FBA6 /* ProjectView.swift in Sources */,
				84741C202420B1A1004F3663 /* Entry.swift in Sources */,
				840F26B72418DA8B0085FBA6 /* APIRequest.swift in Sources */,
				848D53A9241B283E00BAB5E6 /* IssueListView.swift in Sources */,
				8417CD1524227A0B0029B7E6 /* ImageModel.swift in Sources */,
				843C34D1242311CC00C112F9 /* TestList.swift in Sources */,
				849DBC91241B68CA0026E23B /* Project.swift in Sources */,
				849DBC88241B3AD00026E23B /* MainView.swift in Sources */,
				84FFDD3A24221A00008EA929 /* ErrorView.swift in Sources */,
				848D53A5241B17F900BAB5E6 /* InfiniteProgressView.swift in Sources */,
				840FDB6C241A381800C395E8 /* URLSessionUploadTask+Extension.swift in Sources */,
				84741C1E2420B021004F3663 /* LoginModel.swift in Sources */,
				8417CD1124226BA70029B7E6 /* URLImage.swift in Sources */,
				8417CD0F24226A3D0029B7E6 /* ImageLoader.swift in Sources */,
				8417CD13242279DD0029B7E6 /* ImageCache.swift in Sources */,
				8438B47E2423702B00E39464 /* NetworkRequest.swift in Sources */,
				849DBC8C241B3FB90026E23B /* AppState.swift in Sources */,
				840FDB6A241A370000C395E8 /* URLSession+Extension.swift in Sources */,
				849DBC86241B32180026E23B /* ViewRouter.swift in Sources */,
				846ECCA82419EDF400C8DFA3 /* User.swift in Sources */,
				840F26AB2418842D0085FBA6 /* AppTheme.swift in Sources */,
			);
			runOnlyForDeploymentPostprocessing = 0;
		};
		840FDB53241A27E000C395E8 /* Sources */ = {
			isa = PBXSourcesBuildPhase;
			buildActionMask = 2147483647;
			files = (
			);
			runOnlyForDeploymentPostprocessing = 0;
		};
/* End PBXSourcesBuildPhase section */

/* Begin PBXTargetDependency section */
		840FDB5D241A27E000C395E8 /* PBXTargetDependency */ = {
			isa = PBXTargetDependency;
			target = 840F268F24187C0B0085FBA6 /* Agile Board Team */;
			targetProxy = 840FDB5C241A27E000C395E8 /* PBXContainerItemProxy */;
		};
/* End PBXTargetDependency section */

/* Begin PBXVariantGroup section */
		840F269E24187C0D0085FBA6 /* LaunchScreen.storyboard */ = {
			isa = PBXVariantGroup;
			children = (
				840F269F24187C0D0085FBA6 /* Base */,
			);
			name = LaunchScreen.storyboard;
			sourceTree = "<group>";
		};
/* End PBXVariantGroup section */

/* Begin XCBuildConfiguration section */
		840F26A224187C0D0085FBA6 /* Debug */ = {
			isa = XCBuildConfiguration;
			buildSettings = {
				ALWAYS_SEARCH_USER_PATHS = NO;
				CLANG_ANALYZER_NONNULL = YES;
				CLANG_ANALYZER_NUMBER_OBJECT_CONVERSION = YES_AGGRESSIVE;
				CLANG_CXX_LANGUAGE_STANDARD = "gnu++14";
				CLANG_CXX_LIBRARY = "libc++";
				CLANG_ENABLE_MODULES = YES;
				CLANG_ENABLE_OBJC_ARC = YES;
				CLANG_ENABLE_OBJC_WEAK = YES;
				CLANG_WARN_BLOCK_CAPTURE_AUTORELEASING = YES;
				CLANG_WARN_BOOL_CONVERSION = YES;
				CLANG_WARN_COMMA = YES;
				CLANG_WARN_CONSTANT_CONVERSION = YES;
				CLANG_WARN_DEPRECATED_OBJC_IMPLEMENTATIONS = YES;
				CLANG_WARN_DIRECT_OBJC_ISA_USAGE = YES_ERROR;
				CLANG_WARN_DOCUMENTATION_COMMENTS = YES;
				CLANG_WARN_EMPTY_BODY = YES;
				CLANG_WARN_ENUM_CONVERSION = YES;
				CLANG_WARN_INFINITE_RECURSION = YES;
				CLANG_WARN_INT_CONVERSION = YES;
				CLANG_WARN_NON_LITERAL_NULL_CONVERSION = YES;
				CLANG_WARN_OBJC_IMPLICIT_RETAIN_SELF = YES;
				CLANG_WARN_OBJC_LITERAL_CONVERSION = YES;
				CLANG_WARN_OBJC_ROOT_CLASS = YES_ERROR;
				CLANG_WARN_RANGE_LOOP_ANALYSIS = YES;
				CLANG_WARN_STRICT_PROTOTYPES = YES;
				CLANG_WARN_SUSPICIOUS_MOVE = YES;
				CLANG_WARN_UNGUARDED_AVAILABILITY = YES_AGGRESSIVE;
				CLANG_WARN_UNREACHABLE_CODE = YES;
				CLANG_WARN__DUPLICATE_METHOD_MATCH = YES;
				COPY_PHASE_STRIP = NO;
				DEBUG_INFORMATION_FORMAT = dwarf;
				ENABLE_STRICT_OBJC_MSGSEND = YES;
				ENABLE_TESTABILITY = YES;
				GCC_C_LANGUAGE_STANDARD = gnu11;
				GCC_DYNAMIC_NO_PIC = NO;
				GCC_NO_COMMON_BLOCKS = YES;
				GCC_OPTIMIZATION_LEVEL = 0;
				GCC_PREPROCESSOR_DEFINITIONS = (
					"DEBUG=1",
					"$(inherited)",
				);
				GCC_WARN_64_TO_32_BIT_CONVERSION = YES;
				GCC_WARN_ABOUT_RETURN_TYPE = YES_ERROR;
				GCC_WARN_UNDECLARED_SELECTOR = YES;
				GCC_WARN_UNINITIALIZED_AUTOS = YES_AGGRESSIVE;
				GCC_WARN_UNUSED_FUNCTION = YES;
				GCC_WARN_UNUSED_VARIABLE = YES;
				IPHONEOS_DEPLOYMENT_TARGET = 13.2;
				MTL_ENABLE_DEBUG_INFO = INCLUDE_SOURCE;
				MTL_FAST_MATH = YES;
				ONLY_ACTIVE_ARCH = YES;
				SDKROOT = iphoneos;
				SWIFT_ACTIVE_COMPILATION_CONDITIONS = DEBUG;
				SWIFT_OPTIMIZATION_LEVEL = "-Onone";
			};
			name = Debug;
		};
		840F26A324187C0D0085FBA6 /* Release */ = {
			isa = XCBuildConfiguration;
			buildSettings = {
				ALWAYS_SEARCH_USER_PATHS = NO;
				CLANG_ANALYZER_NONNULL = YES;
				CLANG_ANALYZER_NUMBER_OBJECT_CONVERSION = YES_AGGRESSIVE;
				CLANG_CXX_LANGUAGE_STANDARD = "gnu++14";
				CLANG_CXX_LIBRARY = "libc++";
				CLANG_ENABLE_MODULES = YES;
				CLANG_ENABLE_OBJC_ARC = YES;
				CLANG_ENABLE_OBJC_WEAK = YES;
				CLANG_WARN_BLOCK_CAPTURE_AUTORELEASING = YES;
				CLANG_WARN_BOOL_CONVERSION = YES;
				CLANG_WARN_COMMA = YES;
				CLANG_WARN_CONSTANT_CONVERSION = YES;
				CLANG_WARN_DEPRECATED_OBJC_IMPLEMENTATIONS = YES;
				CLANG_WARN_DIRECT_OBJC_ISA_USAGE = YES_ERROR;
				CLANG_WARN_DOCUMENTATION_COMMENTS = YES;
				CLANG_WARN_EMPTY_BODY = YES;
				CLANG_WARN_ENUM_CONVERSION = YES;
				CLANG_WARN_INFINITE_RECURSION = YES;
				CLANG_WARN_INT_CONVERSION = YES;
				CLANG_WARN_NON_LITERAL_NULL_CONVERSION = YES;
				CLANG_WARN_OBJC_IMPLICIT_RETAIN_SELF = YES;
				CLANG_WARN_OBJC_LITERAL_CONVERSION = YES;
				CLANG_WARN_OBJC_ROOT_CLASS = YES_ERROR;
				CLANG_WARN_RANGE_LOOP_ANALYSIS = YES;
				CLANG_WARN_STRICT_PROTOTYPES = YES;
				CLANG_WARN_SUSPICIOUS_MOVE = YES;
				CLANG_WARN_UNGUARDED_AVAILABILITY = YES_AGGRESSIVE;
				CLANG_WARN_UNREACHABLE_CODE = YES;
				CLANG_WARN__DUPLICATE_METHOD_MATCH = YES;
				COPY_PHASE_STRIP = NO;
				DEBUG_INFORMATION_FORMAT = "dwarf-with-dsym";
				ENABLE_NS_ASSERTIONS = NO;
				ENABLE_STRICT_OBJC_MSGSEND = YES;
				GCC_C_LANGUAGE_STANDARD = gnu11;
				GCC_NO_COMMON_BLOCKS = YES;
				GCC_WARN_64_TO_32_BIT_CONVERSION = YES;
				GCC_WARN_ABOUT_RETURN_TYPE = YES_ERROR;
				GCC_WARN_UNDECLARED_SELECTOR = YES;
				GCC_WARN_UNINITIALIZED_AUTOS = YES_AGGRESSIVE;
				GCC_WARN_UNUSED_FUNCTION = YES;
				GCC_WARN_UNUSED_VARIABLE = YES;
				IPHONEOS_DEPLOYMENT_TARGET = 13.2;
				MTL_ENABLE_DEBUG_INFO = NO;
				MTL_FAST_MATH = YES;
				SDKROOT = iphoneos;
				SWIFT_COMPILATION_MODE = wholemodule;
				SWIFT_OPTIMIZATION_LEVEL = "-O";
				VALIDATE_PRODUCT = YES;
			};
			name = Release;
		};
		840F26A524187C0D0085FBA6 /* Debug */ = {
			isa = XCBuildConfiguration;
			buildSettings = {
				ASSETCATALOG_COMPILER_APPICON_NAME = AppIcon;
				CODE_SIGN_ENTITLEMENTS = "Agile Board Team/Agile Board Team.entitlements";
				"CODE_SIGN_IDENTITY[sdk=macosx*]" = "-";
				CODE_SIGN_STYLE = Automatic;
				DEVELOPMENT_ASSET_PATHS = "\"Agile Board Team/Preview Content\"";
				DEVELOPMENT_TEAM = 9RUFVFAF79;
				ENABLE_PREVIEWS = YES;
				INFOPLIST_FILE = "Agile Board Team/Info.plist";
				IPHONEOS_DEPLOYMENT_TARGET = 13.1;
				LD_RUNPATH_SEARCH_PATHS = (
					"$(inherited)",
					"@executable_path/Frameworks",
				);
				PRODUCT_BUNDLE_IDENTIFIER = "filesoft.co.Agile-Board-Team";
				PRODUCT_NAME = "$(TARGET_NAME)";
				SUPPORTS_MACCATALYST = NO;
				SWIFT_VERSION = 5.0;
				TARGETED_DEVICE_FAMILY = "1,2";
			};
			name = Debug;
		};
		840F26A624187C0D0085FBA6 /* Release */ = {
			isa = XCBuildConfiguration;
			buildSettings = {
				ASSETCATALOG_COMPILER_APPICON_NAME = AppIcon;
				CODE_SIGN_ENTITLEMENTS = "Agile Board Team/Agile Board Team.entitlements";
				"CODE_SIGN_IDENTITY[sdk=macosx*]" = "-";
				CODE_SIGN_STYLE = Automatic;
				DEVELOPMENT_ASSET_PATHS = "\"Agile Board Team/Preview Content\"";
				DEVELOPMENT_TEAM = 9RUFVFAF79;
				ENABLE_PREVIEWS = YES;
				INFOPLIST_FILE = "Agile Board Team/Info.plist";
				IPHONEOS_DEPLOYMENT_TARGET = 13.1;
				LD_RUNPATH_SEARCH_PATHS = (
					"$(inherited)",
					"@executable_path/Frameworks",
				);
				PRODUCT_BUNDLE_IDENTIFIER = "filesoft.co.Agile-Board-Team";
				PRODUCT_NAME = "$(TARGET_NAME)";
				SUPPORTS_MACCATALYST = NO;
				SWIFT_VERSION = 5.0;
				TARGETED_DEVICE_FAMILY = "1,2";
			};
			name = Release;
		};
		840FDB5E241A27E000C395E8 /* Debug */ = {
			isa = XCBuildConfiguration;
			buildSettings = {
				BUNDLE_LOADER = "$(TEST_HOST)";
				CLANG_ENABLE_MODULES = YES;
				CODE_SIGN_STYLE = Automatic;
				DEVELOPMENT_TEAM = 9RUFVFAF79;
				INFOPLIST_FILE = "Agile Board TeamTests/Info.plist";
				LD_RUNPATH_SEARCH_PATHS = (
					"$(inherited)",
					"@executable_path/Frameworks",
					"@loader_path/Frameworks",
				);
				PRODUCT_BUNDLE_IDENTIFIER = "filesoft.co.Agile-Board-TeamTests";
				PRODUCT_NAME = "$(TARGET_NAME)";
				SWIFT_OBJC_BRIDGING_HEADER = "Agile Board TeamTests-Bridging-Header.h";
				SWIFT_OPTIMIZATION_LEVEL = "-Onone";
				SWIFT_VERSION = 5.0;
				TARGETED_DEVICE_FAMILY = "1,2";
				TEST_HOST = "$(BUILT_PRODUCTS_DIR)/Agile Board Team.app/Agile Board Team";
			};
			name = Debug;
		};
		840FDB5F241A27E000C395E8 /* Release */ = {
			isa = XCBuildConfiguration;
			buildSettings = {
				BUNDLE_LOADER = "$(TEST_HOST)";
				CLANG_ENABLE_MODULES = YES;
				CODE_SIGN_STYLE = Automatic;
				DEVELOPMENT_TEAM = 9RUFVFAF79;
				INFOPLIST_FILE = "Agile Board TeamTests/Info.plist";
				LD_RUNPATH_SEARCH_PATHS = (
					"$(inherited)",
					"@executable_path/Frameworks",
					"@loader_path/Frameworks",
				);
				PRODUCT_BUNDLE_IDENTIFIER = "filesoft.co.Agile-Board-TeamTests";
				PRODUCT_NAME = "$(TARGET_NAME)";
				SWIFT_OBJC_BRIDGING_HEADER = "Agile Board TeamTests-Bridging-Header.h";
				SWIFT_VERSION = 5.0;
				TARGETED_DEVICE_FAMILY = "1,2";
				TEST_HOST = "$(BUILT_PRODUCTS_DIR)/Agile Board Team.app/Agile Board Team";
			};
			name = Release;
		};
/* End XCBuildConfiguration section */

/* Begin XCConfigurationList section */
		840F268B24187C0B0085FBA6 /* Build configuration list for PBXProject "Agile Board Team" */ = {
			isa = XCConfigurationList;
			buildConfigurations = (
				840F26A224187C0D0085FBA6 /* Debug */,
				840F26A324187C0D0085FBA6 /* Release */,
			);
			defaultConfigurationIsVisible = 0;
			defaultConfigurationName = Release;
		};
		840F26A424187C0D0085FBA6 /* Build configuration list for PBXNativeTarget "Agile Board Team" */ = {
			isa = XCConfigurationList;
			buildConfigurations = (
				840F26A524187C0D0085FBA6 /* Debug */,
				840F26A624187C0D0085FBA6 /* Release */,
			);
			defaultConfigurationIsVisible = 0;
			defaultConfigurationName = Release;
		};
		840FDB60241A27E000C395E8 /* Build configuration list for PBXNativeTarget "Agile Board TeamTests" */ = {
			isa = XCConfigurationList;
			buildConfigurations = (
				840FDB5E241A27E000C395E8 /* Debug */,
				840FDB5F241A27E000C395E8 /* Release */,
			);
			defaultConfigurationIsVisible = 0;
			defaultConfigurationName = Release;
		};
/* End XCConfigurationList section */

/* Begin XCRemoteSwiftPackageReference section */
		849DBC9B241B88D20026E23B /* XCRemoteSwiftPackageReference "SwiftUIRefresh" */ = {
			isa = XCRemoteSwiftPackageReference;
			repositoryURL = "https://github.com/timbersoftware/SwiftUIRefresh.git";
			requirement = {
				kind = upToNextMajorVersion;
				minimumVersion = 0.0.2;
			};
		};
/* End XCRemoteSwiftPackageReference section */

/* Begin XCSwiftPackageProductDependency section */
		849DBC9C241B88D20026E23B /* SwiftUIRefresh */ = {
			isa = XCSwiftPackageProductDependency;
			package = 849DBC9B241B88D20026E23B /* XCRemoteSwiftPackageReference "SwiftUIRefresh" */;
			productName = SwiftUIRefresh;
		};
/* End XCSwiftPackageProductDependency section */
	};
	rootObject = 840F268824187C0B0085FBA6 /* Project object */;
}
